
Microsoft Visual Studio Solution File, Format Version 12.00
# Visual Studio 15
VisualStudioVersion = 15.0.28010.2048
MinimumVisualStudioVersion = 10.0.40219.1
Project("{9A19103F-16F7-4668-BE54-9A1E7A4F7556}") = "BuildXL.Utilities.Collections", "src\Utilities\Collections\BuildXL.Utilities.Collections.csproj", "{6FD9CD40-99F8-4BE2-ADD3-6DAB1C0DCA0D}"
EndProject
Project("{2150E333-8FDC-42A3-9474-1A3956D46DE8}") = "src", "src", "{ECC0573A-2013-42D3-B0C4-7AE4FD14AA22}"
EndProject
Project("{2150E333-8FDC-42A3-9474-1A3956D46DE8}") = "Utilities", "Utilities", "{4F3521B8-03CA-4D7F-BE82-0C403F4A01D4}"
EndProject
Project("{2150E333-8FDC-42A3-9474-1A3956D46DE8}") = "Collections", "Collections", "{63085503-A5B8-4BFE-9071-9B40971B8EB8}"
EndProject
Project("{2150E333-8FDC-42A3-9474-1A3956D46DE8}") = "Configuration", "Configuration", "{38DFCC80-EC37-49B0-ADD9-3164D879BD87}"
EndProject
Project("{9A19103F-16F7-4668-BE54-9A1E7A4F7556}") = "BuildXL.Utilities.Configuration", "src\Utilities\Configuration\BuildXL.Utilities.Configuration.csproj", "{0D26A071-8487-4C88-A11A-D422190B41DF}"
EndProject
Project("{2150E333-8FDC-42A3-9474-1A3956D46DE8}") = "Utilities", "Utilities", "{2E52D210-4F94-4EE0-B13E-1272127A8CDC}"
EndProject
Project("{2150E333-8FDC-42A3-9474-1A3956D46DE8}") = "Interop", "Interop", "{AA9DDF1D-1679-424C-BF5D-DF28D57D0D35}"
EndProject
Project("{2150E333-8FDC-42A3-9474-1A3956D46DE8}") = "Instrumentation", "Instrumentation", "{14A88055-172A-4A67-A8F2-8E884DC493D1}"
EndProject
Project("{2150E333-8FDC-42A3-9474-1A3956D46DE8}") = "Common", "Common", "{B5030396-AE64-4D1E-A420-73EB543CFE67}"
EndProject
Project("{9A19103F-16F7-4668-BE54-9A1E7A4F7556}") = "BuildXL.Utilities.Instrumentation.Common", "src\Utilities\Instrumentation\Common\BuildXL.Utilities.Instrumentation.Common.csproj", "{351C38FF-C50C-4A5E-BF31-B0AF4EF04BD0}"
EndProject
Project("{9A19103F-16F7-4668-BE54-9A1E7A4F7556}") = "BuildXL.Interop", "src\Utilities\Interop\BuildXL.Interop.csproj", "{896289ED-6FD2-45E4-979C-1195B3C7D0EC}"
EndProject
Project("{2150E333-8FDC-42A3-9474-1A3956D46DE8}") = "Native", "Native", "{FD9BF43A-F49D-47D0-A04D-D6D33F51898C}"
EndProject
Project("{9A19103F-16F7-4668-BE54-9A1E7A4F7556}") = "BuildXL.Native", "src\Utilities\Native\BuildXL.Native.csproj", "{9EA0BD5E-4CAA-4733-9F2D-1C4C66272708}"
EndProject
Project("{2150E333-8FDC-42A3-9474-1A3956D46DE8}") = "Storage", "Storage", "{8B493767-9616-4C51-B585-1F6850ED93AE}"
EndProject
Project("{9A19103F-16F7-4668-BE54-9A1E7A4F7556}") = "BuildXL.Storage", "src\Utilities\Storage\BuildXL.Storage.csproj", "{2E2824E0-5941-4FE4-A426-B098C0453441}"
EndProject
Project("{2150E333-8FDC-42A3-9474-1A3956D46DE8}") = "System.FormattableString", "System.FormattableString", "{533564FC-5C68-403F-A3A9-8F493040545C}"
EndProject
Project("{9A19103F-16F7-4668-BE54-9A1E7A4F7556}") = "System.FormattableString", "src\Utilities\System.FormattableString\System.FormattableString.csproj", "{1C3A8250-F4A4-4C83-862C-6932841FC296}"
EndProject
Project("{2150E333-8FDC-42A3-9474-1A3956D46DE8}") = "UnitTests", "UnitTests", "{4A9DF5D7-0C85-4B4B-83C9-487CF973D530}"
EndProject
Project("{2150E333-8FDC-42A3-9474-1A3956D46DE8}") = "Collections", "Collections", "{52B57B53-93F2-4281-A20E-604ADF4C0025}"
EndProject
Project("{9A19103F-16F7-4668-BE54-9A1E7A4F7556}") = "Test.BuildXL.Utilities.Collections", "src\Utilities\UnitTests\Collections\Test.BuildXL.Utilities.Collections.csproj", "{A77C8163-C3E2-445D-845E-AC0871CCDA57}"
EndProject
Project("{2150E333-8FDC-42A3-9474-1A3956D46DE8}") = "TestUtilities", "TestUtilities", "{2E9F928E-9807-4DF1-93FC-04F4FAEB3654}"
EndProject
Project("{9A19103F-16F7-4668-BE54-9A1E7A4F7556}") = "Test.BuildXL.TestUtilities", "src\Utilities\UnitTests\TestUtilities\Test.BuildXL.TestUtilities.csproj", "{7D7B0DDE-5375-4241-AA28-39B4483E6616}"
EndProject
Project("{2150E333-8FDC-42A3-9474-1A3956D46DE8}") = "TestUtilities.XUnit", "TestUtilities.XUnit", "{27B0DC74-2248-4D8D-BDFF-13AEE7BFC1E3}"
EndProject
Project("{9A19103F-16F7-4668-BE54-9A1E7A4F7556}") = "Test.BuildXL.TestUtilities.XUnit", "src\Utilities\UnitTests\TestUtilities.XUnit\Test.BuildXL.TestUtilities.XUnit.csproj", "{8C9755C1-E51F-49E0-80A8-843CDEAA2C95}"
EndProject
Project("{2150E333-8FDC-42A3-9474-1A3956D46DE8}") = "Pips", "Pips", "{30FB09CF-CAB0-4474-B814-C6D934FC30BA}"
EndProject
Project("{2150E333-8FDC-42A3-9474-1A3956D46DE8}") = "Dll", "Dll", "{F07BBCF3-7234-4A5B-AC16-A260B6C7B8A4}"
EndProject
Project("{9A19103F-16F7-4668-BE54-9A1E7A4F7556}") = "BuildXL.Pips", "src\Pips\Dll\BuildXL.Pips.csproj", "{13228E1D-5679-46A9-B158-E05C9A9C762C}"
EndProject
Project("{9A19103F-16F7-4668-BE54-9A1E7A4F7556}") = "BuildXL.Utilities", "src\Utilities\Utilities\BuildXL.Utilities.csproj", "{A14871FC-6EC6-47DE-BA50-6B8755DC41B2}"
EndProject
Project("{2150E333-8FDC-42A3-9474-1A3956D46DE8}") = "Solution Items", "Solution Items", "{9D3E624A-37FC-446C-B788-0DC245E62014}"
	ProjectSection(SolutionItems) = preProject
		Directory.Build.props = Directory.Build.props
	EndProjectSection
EndProject
Project("{2150E333-8FDC-42A3-9474-1A3956D46DE8}") = "Processes", "Processes", "{887A9D6D-39E0-4D35-A508-0174A25DAE20}"
EndProject
Project("{2150E333-8FDC-42A3-9474-1A3956D46DE8}") = "Engine", "Engine", "{35426A9B-1CED-478D-AEAE-3D19880DEE1F}"
EndProject
Project("{9A19103F-16F7-4668-BE54-9A1E7A4F7556}") = "BuildXL.Processes", "src\Engine\Processes\BuildXL.Processes.csproj", "{FC78FB05-AC8C-4B77-B306-FEBBCB5AD625}"
EndProject
Project("{2150E333-8FDC-42A3-9474-1A3956D46DE8}") = "Sandbox", "Sandbox", "{BB07B9FE-2900-4BF0-822B-78391A0BCDF2}"
EndProject
Project("{2150E333-8FDC-42A3-9474-1A3956D46DE8}") = "Windows", "Windows", "{2FAF2F4A-C0CF-44B7-9B7C-DFCABEF9A7E0}"
EndProject
Project("{2150E333-8FDC-42A3-9474-1A3956D46DE8}") = "MacOs", "MacOs", "{A542BDE9-96B9-4E93-81F6-6B09BC7AD0CC}"
EndProject
Project("{2150E333-8FDC-42A3-9474-1A3956D46DE8}") = "Detours", "Detours", "{7A6965E1-C5DA-4548-B769-600B22DB9D5C}"
EndProject
Project("{2150E333-8FDC-42A3-9474-1A3956D46DE8}") = "DetoursServices", "DetoursServices", "{10F02318-C0C4-4A9E-B626-3D303652745B}"
EndProject
Project("{2150E333-8FDC-42A3-9474-1A3956D46DE8}") = "DetoursTests", "DetoursTests", "{3A119B97-4694-46B6-AA6C-E31C26299A58}"
EndProject
Project("{2150E333-8FDC-42A3-9474-1A3956D46DE8}") = "Lib", "Lib", "{ED789856-B6F7-4001-9B34-F5840959FFE3}"
EndProject
Project("{8BC9CEB8-8B4A-11D0-8D11-00A0C91BC942}") = "DetoursTests", "src\Sandbox\Windows\DetoursTests\DetoursTests.vcxproj", "{1EAD2D2D-5FD8-4C48-91F9-22046165F9CF}"
EndProject
Project("{2150E333-8FDC-42A3-9474-1A3956D46DE8}") = "tools", "tools", "{41605E96-37B9-49C3-A14F-B7373E01514D}"
EndProject
Project("{9A19103F-16F7-4668-BE54-9A1E7A4F7556}") = "IOSimulator", "src\Sandbox\MacOs\tools\iosimulator\IOSimulator.csproj", "{C8429384-3792-4EE7-BEE8-017A2BE7CE5E}"
EndProject
Project("{2150E333-8FDC-42A3-9474-1A3956D46DE8}") = "Utilities", "Utilities", "{DC3BFCF9-A401-4F4D-8D25-AEC47E4AB22C}"
EndProject
Project("{9A19103F-16F7-4668-BE54-9A1E7A4F7556}") = "Test.BuildXL.Utilities", "src\Utilities\UnitTests\Utilities\Test.BuildXL.Utilities.csproj", "{D65979AA-696E-4410-AFDC-7F39FD539A43}"
EndProject
Project("{2150E333-8FDC-42A3-9474-1A3956D46DE8}") = "Storage.Untracked", "Storage.Untracked", "{D6CD5F23-03A1-4EE3-8D6E-8E23DD99B94A}"
EndProject
Project("{9A19103F-16F7-4668-BE54-9A1E7A4F7556}") = "Test.BuildXL.Storage.Admin", "src\Utilities\UnitTests\Storage.Untracked\Test.BuildXL.Storage.Admin.csproj", "{BAD900A8-168E-4F53-BD47-8AC2EE4FF2B4}"
EndProject
Project("{2150E333-8FDC-42A3-9474-1A3956D46DE8}") = "Storage", "Storage", "{74D9091A-C94B-401D-9020-5E75ADF24522}"
EndProject
Project("{9A19103F-16F7-4668-BE54-9A1E7A4F7556}") = "Test.BuildXL.Storage", "src\Utilities\UnitTests\Storage\Test.BuildXL.Storage.csproj", "{1C1FD3D4-F352-47C4-9142-2E3BA9631FF4}"
EndProject
Project("{2150E333-8FDC-42A3-9474-1A3956D46DE8}") = "Executables", "Executables", "{2D9B7E31-C018-4F5A-ACDC-B298871A5597}"
EndProject
Project("{2150E333-8FDC-42A3-9474-1A3956D46DE8}") = "DummyWaiter", "DummyWaiter", "{635094C7-7285-4ADD-BA58-4A26CF0CA8D9}"
EndProject
Project("{9A19103F-16F7-4668-BE54-9A1E7A4F7556}") = "Test.BuildXL.Executables.DummyWaiter", "src\Utilities\UnitTests\Executables\DummyWaiter\Test.BuildXL.Executables.DummyWaiter.csproj", "{81F72C5A-AD34-4B95-8B08-1A277FF33BDD}"
EndProject
Project("{2150E333-8FDC-42A3-9474-1A3956D46DE8}") = "TestProcess", "TestProcess", "{EF596D80-075F-41B6-A774-E53F174FA2BD}"
EndProject
Project("{9A19103F-16F7-4668-BE54-9A1E7A4F7556}") = "Test.BuildXL.Executables.TestProcess", "src\Utilities\UnitTests\Executables\TestProcess\Test.BuildXL.Executables.TestProcess.csproj", "{27163FE5-C2C1-41FA-82DF-FAF9374B86C3}"
EndProject
Project("{2150E333-8FDC-42A3-9474-1A3956D46DE8}") = "UnitTests", "UnitTests", "{7F17C5C1-BB66-48D6-9FA6-857346D75144}"
EndProject
Project("{2150E333-8FDC-42A3-9474-1A3956D46DE8}") = "EngineTestUtilities", "EngineTestUtilities", "{A896E6BA-7AA4-47A0-98FF-5AD9D1C520E1}"
EndProject
Project("{9A19103F-16F7-4668-BE54-9A1E7A4F7556}") = "Test.BuildXL.EngineTestUtilities", "src\Engine\UnitTests\EngineTestUtilities\Test.BuildXL.EngineTestUtilities.csproj", "{A19AECCF-D1AB-4A84-B6EA-9758D59AB624}"
EndProject
Project("{2150E333-8FDC-42A3-9474-1A3956D46DE8}") = "Processes", "Processes", "{D9E23219-85A1-439A-B1A3-5AD48E75096C}"
EndProject
Project("{2150E333-8FDC-42A3-9474-1A3956D46DE8}") = "Processes.Detours", "Processes.Detours", "{585A042B-FFA5-4ED7-B81C-6A9E975BC9E8}"
EndProject
Project("{2150E333-8FDC-42A3-9474-1A3956D46DE8}") = "Processes.TestPrograms", "Processes.TestPrograms", "{81855DD1-709D-43AA-A6E3-1676E97BB659}"
EndProject
Project("{9A19103F-16F7-4668-BE54-9A1E7A4F7556}") = "Test.BuildXL.Processes", "src\Engine\UnitTests\Processes\Test.BuildXL.Processes.csproj", "{06FDC8CE-9145-4203-828A-83820F8DCE8D}"
	ProjectSection(ProjectDependencies) = postProject
		{F68E3177-2132-4579-A6E3-5E24E1D39A35} = {F68E3177-2132-4579-A6E3-5E24E1D39A35}
	EndProjectSection
EndProject
Project("{9A19103F-16F7-4668-BE54-9A1E7A4F7556}") = "Test.BuildXL.Processes.Detours", "src\Engine\UnitTests\Processes.Detours\Test.BuildXL.Processes.Detours.csproj", "{930E8D8E-FAD9-4A2D-8CAB-576DB1509137}"
EndProject
Project("{8BC9CEB8-8B4A-11D0-8D11-00A0C91BC942}") = "BuildXLNatives", "src\Sandbox\Windows\DetoursServices\BuildXLNatives.vcxproj", "{F68E3177-2132-4579-A6E3-5E24E1D39A35}"
EndProject
Project("{2150E333-8FDC-42A3-9474-1A3956D46DE8}") = "include", "include", "{8955094C-8F67-4E35-8EB8-A63D51497D44}"
	ProjectSection(SolutionItems) = preProject
		src\Sandbox\Windows\Detours\include\detours.h = src\Sandbox\Windows\Detours\include\detours.h
	EndProjectSection
EndProject
Project("{2150E333-8FDC-42A3-9474-1A3956D46DE8}") = "RemoteApi", "RemoteApi", "{3E9EEF91-D095-48D6-8748-3DF5464D9452}"
EndProject
Project("{8BC9CEB8-8B4A-11D0-8D11-00A0C91BC942}") = "Detours.x64", "src\Sandbox\Windows\Detours\Lib\Detours.x64.vcxproj", "{B17D7E79-6FE3-4D37-939E-3ECDD96E895D}"
EndProject
Project("{8BC9CEB8-8B4A-11D0-8D11-00A0C91BC942}") = "Detours.x86", "src\Sandbox\Windows\Detours\Lib\Detours.x86.vcxproj", "{C3AFDE79-476E-4F9C-B793-786DDD827539}"
EndProject
Project("{8BC9CEB8-8B4A-11D0-8D11-00A0C91BC942}") = "RemoteApi", "src\Engine\UnitTests\Processes.TestPrograms\RemoteApi\RemoteApi.vcxproj", "{C5C423D4-7136-409B-A51B-997C79CF465A}"
EndProject
Project("{8BC9CEB8-8B4A-11D0-8D11-00A0C91BC942}") = "DetoursServices.x64", "src\Sandbox\Windows\DetoursServices\DetoursServices.x64.vcxproj", "{2DFB7CE7-2007-4EDB-BCC7-77E181D0AF40}"
EndProject
Project("{8BC9CEB8-8B4A-11D0-8D11-00A0C91BC942}") = "DetoursServices.x86", "src\Sandbox\Windows\DetoursServices\DetoursServices.x86.vcxproj", "{49D106A3-292E-4CB5-BC4A-4FC3045B50DB}"
EndProject
Global
	GlobalSection(SolutionConfigurationPlatforms) = preSolution
		Debug|Any CPU = Debug|Any CPU
		Debug|x64 = Debug|x64
		Debug|x86 = Debug|x86
		Release|Any CPU = Release|Any CPU
		Release|x64 = Release|x64
		Release|x86 = Release|x86
	EndGlobalSection
	GlobalSection(ProjectConfigurationPlatforms) = postSolution
		{6FD9CD40-99F8-4BE2-ADD3-6DAB1C0DCA0D}.Debug|Any CPU.ActiveCfg = Debug|Any CPU
		{6FD9CD40-99F8-4BE2-ADD3-6DAB1C0DCA0D}.Debug|Any CPU.Build.0 = Debug|Any CPU
		{6FD9CD40-99F8-4BE2-ADD3-6DAB1C0DCA0D}.Debug|x64.ActiveCfg = Debug|Any CPU
		{6FD9CD40-99F8-4BE2-ADD3-6DAB1C0DCA0D}.Debug|x64.Build.0 = Debug|Any CPU
		{6FD9CD40-99F8-4BE2-ADD3-6DAB1C0DCA0D}.Debug|x86.ActiveCfg = Debug|Any CPU
		{6FD9CD40-99F8-4BE2-ADD3-6DAB1C0DCA0D}.Debug|x86.Build.0 = Debug|Any CPU
		{6FD9CD40-99F8-4BE2-ADD3-6DAB1C0DCA0D}.Release|Any CPU.ActiveCfg = Release|Any CPU
		{6FD9CD40-99F8-4BE2-ADD3-6DAB1C0DCA0D}.Release|Any CPU.Build.0 = Release|Any CPU
		{6FD9CD40-99F8-4BE2-ADD3-6DAB1C0DCA0D}.Release|x64.ActiveCfg = Release|Any CPU
		{6FD9CD40-99F8-4BE2-ADD3-6DAB1C0DCA0D}.Release|x64.Build.0 = Release|Any CPU
		{6FD9CD40-99F8-4BE2-ADD3-6DAB1C0DCA0D}.Release|x86.ActiveCfg = Release|Any CPU
		{6FD9CD40-99F8-4BE2-ADD3-6DAB1C0DCA0D}.Release|x86.Build.0 = Release|Any CPU
		{0D26A071-8487-4C88-A11A-D422190B41DF}.Debug|Any CPU.ActiveCfg = Debug|Any CPU
		{0D26A071-8487-4C88-A11A-D422190B41DF}.Debug|Any CPU.Build.0 = Debug|Any CPU
		{0D26A071-8487-4C88-A11A-D422190B41DF}.Debug|x64.ActiveCfg = Debug|Any CPU
		{0D26A071-8487-4C88-A11A-D422190B41DF}.Debug|x64.Build.0 = Debug|Any CPU
		{0D26A071-8487-4C88-A11A-D422190B41DF}.Debug|x86.ActiveCfg = Debug|Any CPU
		{0D26A071-8487-4C88-A11A-D422190B41DF}.Debug|x86.Build.0 = Debug|Any CPU
		{0D26A071-8487-4C88-A11A-D422190B41DF}.Release|Any CPU.ActiveCfg = Release|Any CPU
		{0D26A071-8487-4C88-A11A-D422190B41DF}.Release|Any CPU.Build.0 = Release|Any CPU
		{0D26A071-8487-4C88-A11A-D422190B41DF}.Release|x64.ActiveCfg = Release|Any CPU
		{0D26A071-8487-4C88-A11A-D422190B41DF}.Release|x64.Build.0 = Release|Any CPU
		{0D26A071-8487-4C88-A11A-D422190B41DF}.Release|x86.ActiveCfg = Release|Any CPU
		{0D26A071-8487-4C88-A11A-D422190B41DF}.Release|x86.Build.0 = Release|Any CPU
		{351C38FF-C50C-4A5E-BF31-B0AF4EF04BD0}.Debug|Any CPU.ActiveCfg = Debug|Any CPU
		{351C38FF-C50C-4A5E-BF31-B0AF4EF04BD0}.Debug|Any CPU.Build.0 = Debug|Any CPU
		{351C38FF-C50C-4A5E-BF31-B0AF4EF04BD0}.Debug|x64.ActiveCfg = Debug|Any CPU
		{351C38FF-C50C-4A5E-BF31-B0AF4EF04BD0}.Debug|x64.Build.0 = Debug|Any CPU
		{351C38FF-C50C-4A5E-BF31-B0AF4EF04BD0}.Debug|x86.ActiveCfg = Debug|Any CPU
		{351C38FF-C50C-4A5E-BF31-B0AF4EF04BD0}.Debug|x86.Build.0 = Debug|Any CPU
		{351C38FF-C50C-4A5E-BF31-B0AF4EF04BD0}.Release|Any CPU.ActiveCfg = Release|Any CPU
		{351C38FF-C50C-4A5E-BF31-B0AF4EF04BD0}.Release|Any CPU.Build.0 = Release|Any CPU
		{351C38FF-C50C-4A5E-BF31-B0AF4EF04BD0}.Release|x64.ActiveCfg = Release|Any CPU
		{351C38FF-C50C-4A5E-BF31-B0AF4EF04BD0}.Release|x64.Build.0 = Release|Any CPU
		{351C38FF-C50C-4A5E-BF31-B0AF4EF04BD0}.Release|x86.ActiveCfg = Release|Any CPU
		{351C38FF-C50C-4A5E-BF31-B0AF4EF04BD0}.Release|x86.Build.0 = Release|Any CPU
		{896289ED-6FD2-45E4-979C-1195B3C7D0EC}.Debug|Any CPU.ActiveCfg = Debug|Any CPU
		{896289ED-6FD2-45E4-979C-1195B3C7D0EC}.Debug|Any CPU.Build.0 = Debug|Any CPU
		{896289ED-6FD2-45E4-979C-1195B3C7D0EC}.Debug|x64.ActiveCfg = Debug|Any CPU
		{896289ED-6FD2-45E4-979C-1195B3C7D0EC}.Debug|x64.Build.0 = Debug|Any CPU
		{896289ED-6FD2-45E4-979C-1195B3C7D0EC}.Debug|x86.ActiveCfg = Debug|Any CPU
		{896289ED-6FD2-45E4-979C-1195B3C7D0EC}.Debug|x86.Build.0 = Debug|Any CPU
		{896289ED-6FD2-45E4-979C-1195B3C7D0EC}.Release|Any CPU.ActiveCfg = Release|Any CPU
		{896289ED-6FD2-45E4-979C-1195B3C7D0EC}.Release|Any CPU.Build.0 = Release|Any CPU
		{896289ED-6FD2-45E4-979C-1195B3C7D0EC}.Release|x64.ActiveCfg = Release|Any CPU
		{896289ED-6FD2-45E4-979C-1195B3C7D0EC}.Release|x64.Build.0 = Release|Any CPU
		{896289ED-6FD2-45E4-979C-1195B3C7D0EC}.Release|x86.ActiveCfg = Release|Any CPU
		{896289ED-6FD2-45E4-979C-1195B3C7D0EC}.Release|x86.Build.0 = Release|Any CPU
		{9EA0BD5E-4CAA-4733-9F2D-1C4C66272708}.Debug|Any CPU.ActiveCfg = Debug|Any CPU
		{9EA0BD5E-4CAA-4733-9F2D-1C4C66272708}.Debug|Any CPU.Build.0 = Debug|Any CPU
		{9EA0BD5E-4CAA-4733-9F2D-1C4C66272708}.Debug|x64.ActiveCfg = Debug|Any CPU
		{9EA0BD5E-4CAA-4733-9F2D-1C4C66272708}.Debug|x64.Build.0 = Debug|Any CPU
		{9EA0BD5E-4CAA-4733-9F2D-1C4C66272708}.Debug|x86.ActiveCfg = Debug|Any CPU
		{9EA0BD5E-4CAA-4733-9F2D-1C4C66272708}.Debug|x86.Build.0 = Debug|Any CPU
		{9EA0BD5E-4CAA-4733-9F2D-1C4C66272708}.Release|Any CPU.ActiveCfg = Release|Any CPU
		{9EA0BD5E-4CAA-4733-9F2D-1C4C66272708}.Release|Any CPU.Build.0 = Release|Any CPU
		{9EA0BD5E-4CAA-4733-9F2D-1C4C66272708}.Release|x64.ActiveCfg = Release|Any CPU
		{9EA0BD5E-4CAA-4733-9F2D-1C4C66272708}.Release|x64.Build.0 = Release|Any CPU
		{9EA0BD5E-4CAA-4733-9F2D-1C4C66272708}.Release|x86.ActiveCfg = Release|Any CPU
		{9EA0BD5E-4CAA-4733-9F2D-1C4C66272708}.Release|x86.Build.0 = Release|Any CPU
		{2E2824E0-5941-4FE4-A426-B098C0453441}.Debug|Any CPU.ActiveCfg = Debug|Any CPU
		{2E2824E0-5941-4FE4-A426-B098C0453441}.Debug|Any CPU.Build.0 = Debug|Any CPU
		{2E2824E0-5941-4FE4-A426-B098C0453441}.Debug|x64.ActiveCfg = Debug|Any CPU
		{2E2824E0-5941-4FE4-A426-B098C0453441}.Debug|x64.Build.0 = Debug|Any CPU
		{2E2824E0-5941-4FE4-A426-B098C0453441}.Debug|x86.ActiveCfg = Debug|Any CPU
		{2E2824E0-5941-4FE4-A426-B098C0453441}.Debug|x86.Build.0 = Debug|Any CPU
		{2E2824E0-5941-4FE4-A426-B098C0453441}.Release|Any CPU.ActiveCfg = Release|Any CPU
		{2E2824E0-5941-4FE4-A426-B098C0453441}.Release|Any CPU.Build.0 = Release|Any CPU
		{2E2824E0-5941-4FE4-A426-B098C0453441}.Release|x64.ActiveCfg = Release|Any CPU
		{2E2824E0-5941-4FE4-A426-B098C0453441}.Release|x64.Build.0 = Release|Any CPU
		{2E2824E0-5941-4FE4-A426-B098C0453441}.Release|x86.ActiveCfg = Release|Any CPU
		{2E2824E0-5941-4FE4-A426-B098C0453441}.Release|x86.Build.0 = Release|Any CPU
		{1C3A8250-F4A4-4C83-862C-6932841FC296}.Debug|Any CPU.ActiveCfg = Debug|Any CPU
		{1C3A8250-F4A4-4C83-862C-6932841FC296}.Debug|Any CPU.Build.0 = Debug|Any CPU
		{1C3A8250-F4A4-4C83-862C-6932841FC296}.Debug|x64.ActiveCfg = Debug|Any CPU
		{1C3A8250-F4A4-4C83-862C-6932841FC296}.Debug|x64.Build.0 = Debug|Any CPU
		{1C3A8250-F4A4-4C83-862C-6932841FC296}.Debug|x86.ActiveCfg = Debug|Any CPU
		{1C3A8250-F4A4-4C83-862C-6932841FC296}.Debug|x86.Build.0 = Debug|Any CPU
		{1C3A8250-F4A4-4C83-862C-6932841FC296}.Release|Any CPU.ActiveCfg = Release|Any CPU
		{1C3A8250-F4A4-4C83-862C-6932841FC296}.Release|Any CPU.Build.0 = Release|Any CPU
		{1C3A8250-F4A4-4C83-862C-6932841FC296}.Release|x64.ActiveCfg = Release|Any CPU
		{1C3A8250-F4A4-4C83-862C-6932841FC296}.Release|x64.Build.0 = Release|Any CPU
		{1C3A8250-F4A4-4C83-862C-6932841FC296}.Release|x86.ActiveCfg = Release|Any CPU
		{1C3A8250-F4A4-4C83-862C-6932841FC296}.Release|x86.Build.0 = Release|Any CPU
		{A77C8163-C3E2-445D-845E-AC0871CCDA57}.Debug|Any CPU.ActiveCfg = Debug|Any CPU
		{A77C8163-C3E2-445D-845E-AC0871CCDA57}.Debug|Any CPU.Build.0 = Debug|Any CPU
		{A77C8163-C3E2-445D-845E-AC0871CCDA57}.Debug|x64.ActiveCfg = Debug|Any CPU
		{A77C8163-C3E2-445D-845E-AC0871CCDA57}.Debug|x64.Build.0 = Debug|Any CPU
		{A77C8163-C3E2-445D-845E-AC0871CCDA57}.Debug|x86.ActiveCfg = Debug|Any CPU
		{A77C8163-C3E2-445D-845E-AC0871CCDA57}.Debug|x86.Build.0 = Debug|Any CPU
		{A77C8163-C3E2-445D-845E-AC0871CCDA57}.Release|Any CPU.ActiveCfg = Release|Any CPU
		{A77C8163-C3E2-445D-845E-AC0871CCDA57}.Release|Any CPU.Build.0 = Release|Any CPU
		{A77C8163-C3E2-445D-845E-AC0871CCDA57}.Release|x64.ActiveCfg = Release|Any CPU
		{A77C8163-C3E2-445D-845E-AC0871CCDA57}.Release|x64.Build.0 = Release|Any CPU
		{A77C8163-C3E2-445D-845E-AC0871CCDA57}.Release|x86.ActiveCfg = Release|Any CPU
		{A77C8163-C3E2-445D-845E-AC0871CCDA57}.Release|x86.Build.0 = Release|Any CPU
		{7D7B0DDE-5375-4241-AA28-39B4483E6616}.Debug|Any CPU.ActiveCfg = Debug|Any CPU
		{7D7B0DDE-5375-4241-AA28-39B4483E6616}.Debug|Any CPU.Build.0 = Debug|Any CPU
		{7D7B0DDE-5375-4241-AA28-39B4483E6616}.Debug|x64.ActiveCfg = Debug|Any CPU
		{7D7B0DDE-5375-4241-AA28-39B4483E6616}.Debug|x64.Build.0 = Debug|Any CPU
		{7D7B0DDE-5375-4241-AA28-39B4483E6616}.Debug|x86.ActiveCfg = Debug|Any CPU
		{7D7B0DDE-5375-4241-AA28-39B4483E6616}.Debug|x86.Build.0 = Debug|Any CPU
		{7D7B0DDE-5375-4241-AA28-39B4483E6616}.Release|Any CPU.ActiveCfg = Release|Any CPU
		{7D7B0DDE-5375-4241-AA28-39B4483E6616}.Release|Any CPU.Build.0 = Release|Any CPU
		{7D7B0DDE-5375-4241-AA28-39B4483E6616}.Release|x64.ActiveCfg = Release|Any CPU
		{7D7B0DDE-5375-4241-AA28-39B4483E6616}.Release|x64.Build.0 = Release|Any CPU
		{7D7B0DDE-5375-4241-AA28-39B4483E6616}.Release|x86.ActiveCfg = Release|Any CPU
		{7D7B0DDE-5375-4241-AA28-39B4483E6616}.Release|x86.Build.0 = Release|Any CPU
		{8C9755C1-E51F-49E0-80A8-843CDEAA2C95}.Debug|Any CPU.ActiveCfg = Debug|Any CPU
		{8C9755C1-E51F-49E0-80A8-843CDEAA2C95}.Debug|Any CPU.Build.0 = Debug|Any CPU
		{8C9755C1-E51F-49E0-80A8-843CDEAA2C95}.Debug|x64.ActiveCfg = Debug|Any CPU
		{8C9755C1-E51F-49E0-80A8-843CDEAA2C95}.Debug|x64.Build.0 = Debug|Any CPU
		{8C9755C1-E51F-49E0-80A8-843CDEAA2C95}.Debug|x86.ActiveCfg = Debug|Any CPU
		{8C9755C1-E51F-49E0-80A8-843CDEAA2C95}.Debug|x86.Build.0 = Debug|Any CPU
		{8C9755C1-E51F-49E0-80A8-843CDEAA2C95}.Release|Any CPU.ActiveCfg = Release|Any CPU
		{8C9755C1-E51F-49E0-80A8-843CDEAA2C95}.Release|Any CPU.Build.0 = Release|Any CPU
		{8C9755C1-E51F-49E0-80A8-843CDEAA2C95}.Release|x64.ActiveCfg = Release|Any CPU
		{8C9755C1-E51F-49E0-80A8-843CDEAA2C95}.Release|x64.Build.0 = Release|Any CPU
		{8C9755C1-E51F-49E0-80A8-843CDEAA2C95}.Release|x86.ActiveCfg = Release|Any CPU
		{8C9755C1-E51F-49E0-80A8-843CDEAA2C95}.Release|x86.Build.0 = Release|Any CPU
		{13228E1D-5679-46A9-B158-E05C9A9C762C}.Debug|Any CPU.ActiveCfg = Debug|Any CPU
		{13228E1D-5679-46A9-B158-E05C9A9C762C}.Debug|Any CPU.Build.0 = Debug|Any CPU
		{13228E1D-5679-46A9-B158-E05C9A9C762C}.Debug|x64.ActiveCfg = Debug|Any CPU
		{13228E1D-5679-46A9-B158-E05C9A9C762C}.Debug|x64.Build.0 = Debug|Any CPU
		{13228E1D-5679-46A9-B158-E05C9A9C762C}.Debug|x86.ActiveCfg = Debug|Any CPU
		{13228E1D-5679-46A9-B158-E05C9A9C762C}.Debug|x86.Build.0 = Debug|Any CPU
		{13228E1D-5679-46A9-B158-E05C9A9C762C}.Release|Any CPU.ActiveCfg = Release|Any CPU
		{13228E1D-5679-46A9-B158-E05C9A9C762C}.Release|Any CPU.Build.0 = Release|Any CPU
		{13228E1D-5679-46A9-B158-E05C9A9C762C}.Release|x64.ActiveCfg = Release|Any CPU
		{13228E1D-5679-46A9-B158-E05C9A9C762C}.Release|x64.Build.0 = Release|Any CPU
		{13228E1D-5679-46A9-B158-E05C9A9C762C}.Release|x86.ActiveCfg = Release|Any CPU
		{13228E1D-5679-46A9-B158-E05C9A9C762C}.Release|x86.Build.0 = Release|Any CPU
		{A14871FC-6EC6-47DE-BA50-6B8755DC41B2}.Debug|Any CPU.ActiveCfg = Debug|Any CPU
		{A14871FC-6EC6-47DE-BA50-6B8755DC41B2}.Debug|Any CPU.Build.0 = Debug|Any CPU
		{A14871FC-6EC6-47DE-BA50-6B8755DC41B2}.Debug|x64.ActiveCfg = Debug|Any CPU
		{A14871FC-6EC6-47DE-BA50-6B8755DC41B2}.Debug|x64.Build.0 = Debug|Any CPU
		{A14871FC-6EC6-47DE-BA50-6B8755DC41B2}.Debug|x86.ActiveCfg = Debug|Any CPU
		{A14871FC-6EC6-47DE-BA50-6B8755DC41B2}.Debug|x86.Build.0 = Debug|Any CPU
		{A14871FC-6EC6-47DE-BA50-6B8755DC41B2}.Release|Any CPU.ActiveCfg = Release|Any CPU
		{A14871FC-6EC6-47DE-BA50-6B8755DC41B2}.Release|Any CPU.Build.0 = Release|Any CPU
		{A14871FC-6EC6-47DE-BA50-6B8755DC41B2}.Release|x64.ActiveCfg = Release|Any CPU
		{A14871FC-6EC6-47DE-BA50-6B8755DC41B2}.Release|x64.Build.0 = Release|Any CPU
		{A14871FC-6EC6-47DE-BA50-6B8755DC41B2}.Release|x86.ActiveCfg = Release|Any CPU
		{A14871FC-6EC6-47DE-BA50-6B8755DC41B2}.Release|x86.Build.0 = Release|Any CPU
		{FC78FB05-AC8C-4B77-B306-FEBBCB5AD625}.Debug|Any CPU.ActiveCfg = Debug|Any CPU
		{FC78FB05-AC8C-4B77-B306-FEBBCB5AD625}.Debug|Any CPU.Build.0 = Debug|Any CPU
		{FC78FB05-AC8C-4B77-B306-FEBBCB5AD625}.Debug|x64.ActiveCfg = Debug|Any CPU
		{FC78FB05-AC8C-4B77-B306-FEBBCB5AD625}.Debug|x64.Build.0 = Debug|Any CPU
		{FC78FB05-AC8C-4B77-B306-FEBBCB5AD625}.Debug|x86.ActiveCfg = Debug|Any CPU
		{FC78FB05-AC8C-4B77-B306-FEBBCB5AD625}.Debug|x86.Build.0 = Debug|Any CPU
		{FC78FB05-AC8C-4B77-B306-FEBBCB5AD625}.Release|Any CPU.ActiveCfg = Release|Any CPU
		{FC78FB05-AC8C-4B77-B306-FEBBCB5AD625}.Release|Any CPU.Build.0 = Release|Any CPU
		{FC78FB05-AC8C-4B77-B306-FEBBCB5AD625}.Release|x64.ActiveCfg = Release|Any CPU
		{FC78FB05-AC8C-4B77-B306-FEBBCB5AD625}.Release|x64.Build.0 = Release|Any CPU
		{FC78FB05-AC8C-4B77-B306-FEBBCB5AD625}.Release|x86.ActiveCfg = Release|Any CPU
		{FC78FB05-AC8C-4B77-B306-FEBBCB5AD625}.Release|x86.Build.0 = Release|Any CPU
		{1EAD2D2D-5FD8-4C48-91F9-22046165F9CF}.Debug|Any CPU.ActiveCfg = Debug|x64
		{1EAD2D2D-5FD8-4C48-91F9-22046165F9CF}.Debug|Any CPU.Build.0 = Debug|x64
		{1EAD2D2D-5FD8-4C48-91F9-22046165F9CF}.Debug|x64.ActiveCfg = Debug|x64
		{1EAD2D2D-5FD8-4C48-91F9-22046165F9CF}.Debug|x64.Build.0 = Debug|x64
		{1EAD2D2D-5FD8-4C48-91F9-22046165F9CF}.Debug|x86.ActiveCfg = Debug|Win32
		{1EAD2D2D-5FD8-4C48-91F9-22046165F9CF}.Debug|x86.Build.0 = Debug|Win32
		{1EAD2D2D-5FD8-4C48-91F9-22046165F9CF}.Release|Any CPU.ActiveCfg = Release|x64
		{1EAD2D2D-5FD8-4C48-91F9-22046165F9CF}.Release|Any CPU.Build.0 = Release|x64
		{1EAD2D2D-5FD8-4C48-91F9-22046165F9CF}.Release|x64.ActiveCfg = Release|x64
		{1EAD2D2D-5FD8-4C48-91F9-22046165F9CF}.Release|x64.Build.0 = Release|x64
		{1EAD2D2D-5FD8-4C48-91F9-22046165F9CF}.Release|x86.ActiveCfg = Release|Win32
		{1EAD2D2D-5FD8-4C48-91F9-22046165F9CF}.Release|x86.Build.0 = Release|Win32
		{C8429384-3792-4EE7-BEE8-017A2BE7CE5E}.Debug|Any CPU.ActiveCfg = Debug|Any CPU
		{C8429384-3792-4EE7-BEE8-017A2BE7CE5E}.Debug|Any CPU.Build.0 = Debug|Any CPU
		{C8429384-3792-4EE7-BEE8-017A2BE7CE5E}.Debug|x64.ActiveCfg = Debug|Any CPU
		{C8429384-3792-4EE7-BEE8-017A2BE7CE5E}.Debug|x64.Build.0 = Debug|Any CPU
		{C8429384-3792-4EE7-BEE8-017A2BE7CE5E}.Debug|x86.ActiveCfg = Debug|Any CPU
		{C8429384-3792-4EE7-BEE8-017A2BE7CE5E}.Debug|x86.Build.0 = Debug|Any CPU
		{C8429384-3792-4EE7-BEE8-017A2BE7CE5E}.Release|Any CPU.ActiveCfg = Release|Any CPU
		{C8429384-3792-4EE7-BEE8-017A2BE7CE5E}.Release|Any CPU.Build.0 = Release|Any CPU
		{C8429384-3792-4EE7-BEE8-017A2BE7CE5E}.Release|x64.ActiveCfg = Release|Any CPU
		{C8429384-3792-4EE7-BEE8-017A2BE7CE5E}.Release|x64.Build.0 = Release|Any CPU
		{C8429384-3792-4EE7-BEE8-017A2BE7CE5E}.Release|x86.ActiveCfg = Release|Any CPU
		{C8429384-3792-4EE7-BEE8-017A2BE7CE5E}.Release|x86.Build.0 = Release|Any CPU
		{D65979AA-696E-4410-AFDC-7F39FD539A43}.Debug|Any CPU.ActiveCfg = Debug|Any CPU
		{D65979AA-696E-4410-AFDC-7F39FD539A43}.Debug|Any CPU.Build.0 = Debug|Any CPU
		{D65979AA-696E-4410-AFDC-7F39FD539A43}.Debug|x64.ActiveCfg = Debug|Any CPU
		{D65979AA-696E-4410-AFDC-7F39FD539A43}.Debug|x64.Build.0 = Debug|Any CPU
		{D65979AA-696E-4410-AFDC-7F39FD539A43}.Debug|x86.ActiveCfg = Debug|Any CPU
		{D65979AA-696E-4410-AFDC-7F39FD539A43}.Debug|x86.Build.0 = Debug|Any CPU
		{D65979AA-696E-4410-AFDC-7F39FD539A43}.Release|Any CPU.ActiveCfg = Release|Any CPU
		{D65979AA-696E-4410-AFDC-7F39FD539A43}.Release|Any CPU.Build.0 = Release|Any CPU
		{D65979AA-696E-4410-AFDC-7F39FD539A43}.Release|x64.ActiveCfg = Release|Any CPU
		{D65979AA-696E-4410-AFDC-7F39FD539A43}.Release|x64.Build.0 = Release|Any CPU
		{D65979AA-696E-4410-AFDC-7F39FD539A43}.Release|x86.ActiveCfg = Release|Any CPU
		{D65979AA-696E-4410-AFDC-7F39FD539A43}.Release|x86.Build.0 = Release|Any CPU
		{BAD900A8-168E-4F53-BD47-8AC2EE4FF2B4}.Debug|Any CPU.ActiveCfg = Debug|Any CPU
		{BAD900A8-168E-4F53-BD47-8AC2EE4FF2B4}.Debug|Any CPU.Build.0 = Debug|Any CPU
		{BAD900A8-168E-4F53-BD47-8AC2EE4FF2B4}.Debug|x64.ActiveCfg = Debug|Any CPU
		{BAD900A8-168E-4F53-BD47-8AC2EE4FF2B4}.Debug|x64.Build.0 = Debug|Any CPU
		{BAD900A8-168E-4F53-BD47-8AC2EE4FF2B4}.Debug|x86.ActiveCfg = Debug|Any CPU
		{BAD900A8-168E-4F53-BD47-8AC2EE4FF2B4}.Debug|x86.Build.0 = Debug|Any CPU
		{BAD900A8-168E-4F53-BD47-8AC2EE4FF2B4}.Release|Any CPU.ActiveCfg = Release|Any CPU
		{BAD900A8-168E-4F53-BD47-8AC2EE4FF2B4}.Release|Any CPU.Build.0 = Release|Any CPU
		{BAD900A8-168E-4F53-BD47-8AC2EE4FF2B4}.Release|x64.ActiveCfg = Release|Any CPU
		{BAD900A8-168E-4F53-BD47-8AC2EE4FF2B4}.Release|x64.Build.0 = Release|Any CPU
		{BAD900A8-168E-4F53-BD47-8AC2EE4FF2B4}.Release|x86.ActiveCfg = Release|Any CPU
		{BAD900A8-168E-4F53-BD47-8AC2EE4FF2B4}.Release|x86.Build.0 = Release|Any CPU
		{1C1FD3D4-F352-47C4-9142-2E3BA9631FF4}.Debug|Any CPU.ActiveCfg = Debug|Any CPU
		{1C1FD3D4-F352-47C4-9142-2E3BA9631FF4}.Debug|Any CPU.Build.0 = Debug|Any CPU
		{1C1FD3D4-F352-47C4-9142-2E3BA9631FF4}.Debug|x64.ActiveCfg = Debug|Any CPU
		{1C1FD3D4-F352-47C4-9142-2E3BA9631FF4}.Debug|x64.Build.0 = Debug|Any CPU
		{1C1FD3D4-F352-47C4-9142-2E3BA9631FF4}.Debug|x86.ActiveCfg = Debug|Any CPU
		{1C1FD3D4-F352-47C4-9142-2E3BA9631FF4}.Debug|x86.Build.0 = Debug|Any CPU
		{1C1FD3D4-F352-47C4-9142-2E3BA9631FF4}.Release|Any CPU.ActiveCfg = Release|Any CPU
		{1C1FD3D4-F352-47C4-9142-2E3BA9631FF4}.Release|Any CPU.Build.0 = Release|Any CPU
		{1C1FD3D4-F352-47C4-9142-2E3BA9631FF4}.Release|x64.ActiveCfg = Release|Any CPU
		{1C1FD3D4-F352-47C4-9142-2E3BA9631FF4}.Release|x64.Build.0 = Release|Any CPU
		{1C1FD3D4-F352-47C4-9142-2E3BA9631FF4}.Release|x86.ActiveCfg = Release|Any CPU
		{1C1FD3D4-F352-47C4-9142-2E3BA9631FF4}.Release|x86.Build.0 = Release|Any CPU
		{81F72C5A-AD34-4B95-8B08-1A277FF33BDD}.Debug|Any CPU.ActiveCfg = Debug|Any CPU
		{81F72C5A-AD34-4B95-8B08-1A277FF33BDD}.Debug|Any CPU.Build.0 = Debug|Any CPU
		{81F72C5A-AD34-4B95-8B08-1A277FF33BDD}.Debug|x64.ActiveCfg = Debug|Any CPU
		{81F72C5A-AD34-4B95-8B08-1A277FF33BDD}.Debug|x64.Build.0 = Debug|Any CPU
		{81F72C5A-AD34-4B95-8B08-1A277FF33BDD}.Debug|x86.ActiveCfg = Debug|Any CPU
		{81F72C5A-AD34-4B95-8B08-1A277FF33BDD}.Debug|x86.Build.0 = Debug|Any CPU
		{81F72C5A-AD34-4B95-8B08-1A277FF33BDD}.Release|Any CPU.ActiveCfg = Release|Any CPU
		{81F72C5A-AD34-4B95-8B08-1A277FF33BDD}.Release|Any CPU.Build.0 = Release|Any CPU
		{81F72C5A-AD34-4B95-8B08-1A277FF33BDD}.Release|x64.ActiveCfg = Release|Any CPU
		{81F72C5A-AD34-4B95-8B08-1A277FF33BDD}.Release|x64.Build.0 = Release|Any CPU
		{81F72C5A-AD34-4B95-8B08-1A277FF33BDD}.Release|x86.ActiveCfg = Release|Any CPU
		{81F72C5A-AD34-4B95-8B08-1A277FF33BDD}.Release|x86.Build.0 = Release|Any CPU
		{27163FE5-C2C1-41FA-82DF-FAF9374B86C3}.Debug|Any CPU.ActiveCfg = Debug|Any CPU
		{27163FE5-C2C1-41FA-82DF-FAF9374B86C3}.Debug|Any CPU.Build.0 = Debug|Any CPU
		{27163FE5-C2C1-41FA-82DF-FAF9374B86C3}.Debug|x64.ActiveCfg = Debug|Any CPU
		{27163FE5-C2C1-41FA-82DF-FAF9374B86C3}.Debug|x64.Build.0 = Debug|Any CPU
		{27163FE5-C2C1-41FA-82DF-FAF9374B86C3}.Debug|x86.ActiveCfg = Debug|Any CPU
		{27163FE5-C2C1-41FA-82DF-FAF9374B86C3}.Debug|x86.Build.0 = Debug|Any CPU
		{27163FE5-C2C1-41FA-82DF-FAF9374B86C3}.Release|Any CPU.ActiveCfg = Release|Any CPU
		{27163FE5-C2C1-41FA-82DF-FAF9374B86C3}.Release|Any CPU.Build.0 = Release|Any CPU
		{27163FE5-C2C1-41FA-82DF-FAF9374B86C3}.Release|x64.ActiveCfg = Release|Any CPU
		{27163FE5-C2C1-41FA-82DF-FAF9374B86C3}.Release|x64.Build.0 = Release|Any CPU
		{27163FE5-C2C1-41FA-82DF-FAF9374B86C3}.Release|x86.ActiveCfg = Release|Any CPU
		{27163FE5-C2C1-41FA-82DF-FAF9374B86C3}.Release|x86.Build.0 = Release|Any CPU
		{A19AECCF-D1AB-4A84-B6EA-9758D59AB624}.Debug|Any CPU.ActiveCfg = Debug|Any CPU
		{A19AECCF-D1AB-4A84-B6EA-9758D59AB624}.Debug|Any CPU.Build.0 = Debug|Any CPU
		{A19AECCF-D1AB-4A84-B6EA-9758D59AB624}.Debug|x64.ActiveCfg = Debug|Any CPU
		{A19AECCF-D1AB-4A84-B6EA-9758D59AB624}.Debug|x64.Build.0 = Debug|Any CPU
		{A19AECCF-D1AB-4A84-B6EA-9758D59AB624}.Debug|x86.ActiveCfg = Debug|Any CPU
		{A19AECCF-D1AB-4A84-B6EA-9758D59AB624}.Debug|x86.Build.0 = Debug|Any CPU
		{A19AECCF-D1AB-4A84-B6EA-9758D59AB624}.Release|Any CPU.ActiveCfg = Release|Any CPU
		{A19AECCF-D1AB-4A84-B6EA-9758D59AB624}.Release|Any CPU.Build.0 = Release|Any CPU
		{A19AECCF-D1AB-4A84-B6EA-9758D59AB624}.Release|x64.ActiveCfg = Release|Any CPU
		{A19AECCF-D1AB-4A84-B6EA-9758D59AB624}.Release|x64.Build.0 = Release|Any CPU
		{A19AECCF-D1AB-4A84-B6EA-9758D59AB624}.Release|x86.ActiveCfg = Release|Any CPU
		{A19AECCF-D1AB-4A84-B6EA-9758D59AB624}.Release|x86.Build.0 = Release|Any CPU
		{06FDC8CE-9145-4203-828A-83820F8DCE8D}.Debug|Any CPU.ActiveCfg = Debug|Any CPU
		{06FDC8CE-9145-4203-828A-83820F8DCE8D}.Debug|Any CPU.Build.0 = Debug|Any CPU
		{06FDC8CE-9145-4203-828A-83820F8DCE8D}.Debug|x64.ActiveCfg = Debug|Any CPU
		{06FDC8CE-9145-4203-828A-83820F8DCE8D}.Debug|x64.Build.0 = Debug|Any CPU
		{06FDC8CE-9145-4203-828A-83820F8DCE8D}.Debug|x86.ActiveCfg = Debug|Any CPU
		{06FDC8CE-9145-4203-828A-83820F8DCE8D}.Debug|x86.Build.0 = Debug|Any CPU
		{06FDC8CE-9145-4203-828A-83820F8DCE8D}.Release|Any CPU.ActiveCfg = Release|Any CPU
		{06FDC8CE-9145-4203-828A-83820F8DCE8D}.Release|Any CPU.Build.0 = Release|Any CPU
		{06FDC8CE-9145-4203-828A-83820F8DCE8D}.Release|x64.ActiveCfg = Release|Any CPU
		{06FDC8CE-9145-4203-828A-83820F8DCE8D}.Release|x64.Build.0 = Release|Any CPU
		{06FDC8CE-9145-4203-828A-83820F8DCE8D}.Release|x86.ActiveCfg = Release|Any CPU
		{06FDC8CE-9145-4203-828A-83820F8DCE8D}.Release|x86.Build.0 = Release|Any CPU
		{930E8D8E-FAD9-4A2D-8CAB-576DB1509137}.Debug|Any CPU.ActiveCfg = Debug|Any CPU
		{930E8D8E-FAD9-4A2D-8CAB-576DB1509137}.Debug|Any CPU.Build.0 = Debug|Any CPU
		{930E8D8E-FAD9-4A2D-8CAB-576DB1509137}.Debug|x64.ActiveCfg = Debug|Any CPU
		{930E8D8E-FAD9-4A2D-8CAB-576DB1509137}.Debug|x64.Build.0 = Debug|Any CPU
		{930E8D8E-FAD9-4A2D-8CAB-576DB1509137}.Debug|x86.ActiveCfg = Debug|Any CPU
		{930E8D8E-FAD9-4A2D-8CAB-576DB1509137}.Debug|x86.Build.0 = Debug|Any CPU
		{930E8D8E-FAD9-4A2D-8CAB-576DB1509137}.Release|Any CPU.ActiveCfg = Release|Any CPU
		{930E8D8E-FAD9-4A2D-8CAB-576DB1509137}.Release|Any CPU.Build.0 = Release|Any CPU
		{930E8D8E-FAD9-4A2D-8CAB-576DB1509137}.Release|x64.ActiveCfg = Release|Any CPU
		{930E8D8E-FAD9-4A2D-8CAB-576DB1509137}.Release|x64.Build.0 = Release|Any CPU
		{930E8D8E-FAD9-4A2D-8CAB-576DB1509137}.Release|x86.ActiveCfg = Release|Any CPU
		{930E8D8E-FAD9-4A2D-8CAB-576DB1509137}.Release|x86.Build.0 = Release|Any CPU
		{F68E3177-2132-4579-A6E3-5E24E1D39A35}.Debug|Any CPU.ActiveCfg = Debug|x64
		{F68E3177-2132-4579-A6E3-5E24E1D39A35}.Debug|Any CPU.Build.0 = Debug|x64
		{F68E3177-2132-4579-A6E3-5E24E1D39A35}.Debug|x64.ActiveCfg = Debug|x64
		{F68E3177-2132-4579-A6E3-5E24E1D39A35}.Debug|x64.Build.0 = Debug|x64
		{F68E3177-2132-4579-A6E3-5E24E1D39A35}.Debug|x86.ActiveCfg = Debug|Win32
		{F68E3177-2132-4579-A6E3-5E24E1D39A35}.Debug|x86.Build.0 = Debug|Win32
		{F68E3177-2132-4579-A6E3-5E24E1D39A35}.Release|Any CPU.ActiveCfg = Release|x64
		{F68E3177-2132-4579-A6E3-5E24E1D39A35}.Release|Any CPU.Build.0 = Release|x64
		{F68E3177-2132-4579-A6E3-5E24E1D39A35}.Release|x64.ActiveCfg = Release|x64
		{F68E3177-2132-4579-A6E3-5E24E1D39A35}.Release|x64.Build.0 = Release|x64
		{F68E3177-2132-4579-A6E3-5E24E1D39A35}.Release|x86.ActiveCfg = Release|Win32
		{F68E3177-2132-4579-A6E3-5E24E1D39A35}.Release|x86.Build.0 = Release|Win32
		{B17D7E79-6FE3-4D37-939E-3ECDD96E895D}.Debug|Any CPU.ActiveCfg = Debug|x64
		{B17D7E79-6FE3-4D37-939E-3ECDD96E895D}.Debug|Any CPU.Build.0 = Debug|x64
		{B17D7E79-6FE3-4D37-939E-3ECDD96E895D}.Debug|x64.ActiveCfg = Debug|x64
		{B17D7E79-6FE3-4D37-939E-3ECDD96E895D}.Debug|x64.Build.0 = Debug|x64
		{B17D7E79-6FE3-4D37-939E-3ECDD96E895D}.Debug|x86.ActiveCfg = Debug|x64
		{B17D7E79-6FE3-4D37-939E-3ECDD96E895D}.Debug|x86.Build.0 = Debug|x64
		{B17D7E79-6FE3-4D37-939E-3ECDD96E895D}.Release|Any CPU.ActiveCfg = Release|x64
		{B17D7E79-6FE3-4D37-939E-3ECDD96E895D}.Release|Any CPU.Build.0 = Release|x64
		{B17D7E79-6FE3-4D37-939E-3ECDD96E895D}.Release|x64.ActiveCfg = Release|x64
		{B17D7E79-6FE3-4D37-939E-3ECDD96E895D}.Release|x64.Build.0 = Release|x64
		{B17D7E79-6FE3-4D37-939E-3ECDD96E895D}.Release|x86.ActiveCfg = Release|x64
		{B17D7E79-6FE3-4D37-939E-3ECDD96E895D}.Release|x86.Build.0 = Release|x64
		{C3AFDE79-476E-4F9C-B793-786DDD827539}.Debug|Any CPU.ActiveCfg = Debug|Win32
		{C3AFDE79-476E-4F9C-B793-786DDD827539}.Debug|Any CPU.Build.0 = Debug|Win32
		{C3AFDE79-476E-4F9C-B793-786DDD827539}.Debug|x64.ActiveCfg = Debug|Win32
		{C3AFDE79-476E-4F9C-B793-786DDD827539}.Debug|x64.Build.0 = Debug|Win32
		{C3AFDE79-476E-4F9C-B793-786DDD827539}.Debug|x86.ActiveCfg = Debug|Win32
		{C3AFDE79-476E-4F9C-B793-786DDD827539}.Debug|x86.Build.0 = Debug|Win32
		{C3AFDE79-476E-4F9C-B793-786DDD827539}.Release|Any CPU.ActiveCfg = Release|Win32
		{C3AFDE79-476E-4F9C-B793-786DDD827539}.Release|Any CPU.Build.0 = Release|Win32
		{C3AFDE79-476E-4F9C-B793-786DDD827539}.Release|x64.ActiveCfg = Release|Win32
		{C3AFDE79-476E-4F9C-B793-786DDD827539}.Release|x64.Build.0 = Release|Win32
		{C3AFDE79-476E-4F9C-B793-786DDD827539}.Release|x86.ActiveCfg = Release|Win32
		{C3AFDE79-476E-4F9C-B793-786DDD827539}.Release|x86.Build.0 = Release|Win32
		{C5C423D4-7136-409B-A51B-997C79CF465A}.Debug|Any CPU.ActiveCfg = Debug|x64
		{C5C423D4-7136-409B-A51B-997C79CF465A}.Debug|Any CPU.Build.0 = Debug|x64
		{C5C423D4-7136-409B-A51B-997C79CF465A}.Debug|x64.ActiveCfg = Debug|x64
		{C5C423D4-7136-409B-A51B-997C79CF465A}.Debug|x64.Build.0 = Debug|x64
		{C5C423D4-7136-409B-A51B-997C79CF465A}.Debug|x86.ActiveCfg = Debug|x64
		{C5C423D4-7136-409B-A51B-997C79CF465A}.Debug|x86.Build.0 = Debug|x64
		{C5C423D4-7136-409B-A51B-997C79CF465A}.Release|Any CPU.ActiveCfg = Release|x64
		{C5C423D4-7136-409B-A51B-997C79CF465A}.Release|Any CPU.Build.0 = Release|x64
		{C5C423D4-7136-409B-A51B-997C79CF465A}.Release|x64.ActiveCfg = Release|x64
		{C5C423D4-7136-409B-A51B-997C79CF465A}.Release|x64.Build.0 = Release|x64
		{C5C423D4-7136-409B-A51B-997C79CF465A}.Release|x86.ActiveCfg = Release|x64
		{C5C423D4-7136-409B-A51B-997C79CF465A}.Release|x86.Build.0 = Release|x64
		{2DFB7CE7-2007-4EDB-BCC7-77E181D0AF40}.Debug|Any CPU.ActiveCfg = Debug|x64
		{2DFB7CE7-2007-4EDB-BCC7-77E181D0AF40}.Debug|Any CPU.Build.0 = Debug|x64
		{2DFB7CE7-2007-4EDB-BCC7-77E181D0AF40}.Debug|x64.ActiveCfg = Debug|x64
		{2DFB7CE7-2007-4EDB-BCC7-77E181D0AF40}.Debug|x64.Build.0 = Debug|x64
		{2DFB7CE7-2007-4EDB-BCC7-77E181D0AF40}.Debug|x86.ActiveCfg = Debug|x64
		{2DFB7CE7-2007-4EDB-BCC7-77E181D0AF40}.Debug|x86.Build.0 = Debug|x64
		{2DFB7CE7-2007-4EDB-BCC7-77E181D0AF40}.Release|Any CPU.ActiveCfg = Release|x64
		{2DFB7CE7-2007-4EDB-BCC7-77E181D0AF40}.Release|Any CPU.Build.0 = Release|x64
		{2DFB7CE7-2007-4EDB-BCC7-77E181D0AF40}.Release|x64.ActiveCfg = Release|x64
		{2DFB7CE7-2007-4EDB-BCC7-77E181D0AF40}.Release|x64.Build.0 = Release|x64
		{2DFB7CE7-2007-4EDB-BCC7-77E181D0AF40}.Release|x86.ActiveCfg = Release|x64
		{2DFB7CE7-2007-4EDB-BCC7-77E181D0AF40}.Release|x86.Build.0 = Release|x64
		{49D106A3-292E-4CB5-BC4A-4FC3045B50DB}.Debug|Any CPU.ActiveCfg = Debug|Win32
		{49D106A3-292E-4CB5-BC4A-4FC3045B50DB}.Debug|Any CPU.Build.0 = Debug|Win32
		{49D106A3-292E-4CB5-BC4A-4FC3045B50DB}.Debug|x64.ActiveCfg = Debug|Win32
		{49D106A3-292E-4CB5-BC4A-4FC3045B50DB}.Debug|x64.Build.0 = Debug|Win32
		{49D106A3-292E-4CB5-BC4A-4FC3045B50DB}.Debug|x86.ActiveCfg = Debug|Win32
		{49D106A3-292E-4CB5-BC4A-4FC3045B50DB}.Debug|x86.Build.0 = Debug|Win32
		{49D106A3-292E-4CB5-BC4A-4FC3045B50DB}.Release|Any CPU.ActiveCfg = Release|Win32
		{49D106A3-292E-4CB5-BC4A-4FC3045B50DB}.Release|Any CPU.Build.0 = Release|Win32
		{49D106A3-292E-4CB5-BC4A-4FC3045B50DB}.Release|x64.ActiveCfg = Release|Win32
		{49D106A3-292E-4CB5-BC4A-4FC3045B50DB}.Release|x64.Build.0 = Release|Win32
		{49D106A3-292E-4CB5-BC4A-4FC3045B50DB}.Release|x86.ActiveCfg = Release|Win32
		{49D106A3-292E-4CB5-BC4A-4FC3045B50DB}.Release|x86.Build.0 = Release|Win32
	EndGlobalSection
	GlobalSection(SolutionProperties) = preSolution
		HideSolutionNode = FALSE
	EndGlobalSection
	GlobalSection(NestedProjects) = preSolution
		{6FD9CD40-99F8-4BE2-ADD3-6DAB1C0DCA0D} = {63085503-A5B8-4BFE-9071-9B40971B8EB8}
		{4F3521B8-03CA-4D7F-BE82-0C403F4A01D4} = {ECC0573A-2013-42D3-B0C4-7AE4FD14AA22}
		{63085503-A5B8-4BFE-9071-9B40971B8EB8} = {4F3521B8-03CA-4D7F-BE82-0C403F4A01D4}
		{38DFCC80-EC37-49B0-ADD9-3164D879BD87} = {4F3521B8-03CA-4D7F-BE82-0C403F4A01D4}
		{0D26A071-8487-4C88-A11A-D422190B41DF} = {38DFCC80-EC37-49B0-ADD9-3164D879BD87}
		{2E52D210-4F94-4EE0-B13E-1272127A8CDC} = {4F3521B8-03CA-4D7F-BE82-0C403F4A01D4}
		{AA9DDF1D-1679-424C-BF5D-DF28D57D0D35} = {4F3521B8-03CA-4D7F-BE82-0C403F4A01D4}
		{14A88055-172A-4A67-A8F2-8E884DC493D1} = {4F3521B8-03CA-4D7F-BE82-0C403F4A01D4}
		{B5030396-AE64-4D1E-A420-73EB543CFE67} = {14A88055-172A-4A67-A8F2-8E884DC493D1}
		{351C38FF-C50C-4A5E-BF31-B0AF4EF04BD0} = {B5030396-AE64-4D1E-A420-73EB543CFE67}
		{896289ED-6FD2-45E4-979C-1195B3C7D0EC} = {AA9DDF1D-1679-424C-BF5D-DF28D57D0D35}
		{FD9BF43A-F49D-47D0-A04D-D6D33F51898C} = {4F3521B8-03CA-4D7F-BE82-0C403F4A01D4}
		{9EA0BD5E-4CAA-4733-9F2D-1C4C66272708} = {FD9BF43A-F49D-47D0-A04D-D6D33F51898C}
		{8B493767-9616-4C51-B585-1F6850ED93AE} = {4F3521B8-03CA-4D7F-BE82-0C403F4A01D4}
		{2E2824E0-5941-4FE4-A426-B098C0453441} = {8B493767-9616-4C51-B585-1F6850ED93AE}
		{533564FC-5C68-403F-A3A9-8F493040545C} = {4F3521B8-03CA-4D7F-BE82-0C403F4A01D4}
		{1C3A8250-F4A4-4C83-862C-6932841FC296} = {533564FC-5C68-403F-A3A9-8F493040545C}
		{4A9DF5D7-0C85-4B4B-83C9-487CF973D530} = {4F3521B8-03CA-4D7F-BE82-0C403F4A01D4}
		{52B57B53-93F2-4281-A20E-604ADF4C0025} = {4A9DF5D7-0C85-4B4B-83C9-487CF973D530}
		{A77C8163-C3E2-445D-845E-AC0871CCDA57} = {52B57B53-93F2-4281-A20E-604ADF4C0025}
		{2E9F928E-9807-4DF1-93FC-04F4FAEB3654} = {4A9DF5D7-0C85-4B4B-83C9-487CF973D530}
		{7D7B0DDE-5375-4241-AA28-39B4483E6616} = {2E9F928E-9807-4DF1-93FC-04F4FAEB3654}
		{27B0DC74-2248-4D8D-BDFF-13AEE7BFC1E3} = {4A9DF5D7-0C85-4B4B-83C9-487CF973D530}
		{8C9755C1-E51F-49E0-80A8-843CDEAA2C95} = {27B0DC74-2248-4D8D-BDFF-13AEE7BFC1E3}
		{30FB09CF-CAB0-4474-B814-C6D934FC30BA} = {ECC0573A-2013-42D3-B0C4-7AE4FD14AA22}
		{F07BBCF3-7234-4A5B-AC16-A260B6C7B8A4} = {30FB09CF-CAB0-4474-B814-C6D934FC30BA}
		{13228E1D-5679-46A9-B158-E05C9A9C762C} = {F07BBCF3-7234-4A5B-AC16-A260B6C7B8A4}
		{A14871FC-6EC6-47DE-BA50-6B8755DC41B2} = {2E52D210-4F94-4EE0-B13E-1272127A8CDC}
		{887A9D6D-39E0-4D35-A508-0174A25DAE20} = {35426A9B-1CED-478D-AEAE-3D19880DEE1F}
		{35426A9B-1CED-478D-AEAE-3D19880DEE1F} = {ECC0573A-2013-42D3-B0C4-7AE4FD14AA22}
		{FC78FB05-AC8C-4B77-B306-FEBBCB5AD625} = {887A9D6D-39E0-4D35-A508-0174A25DAE20}
		{BB07B9FE-2900-4BF0-822B-78391A0BCDF2} = {ECC0573A-2013-42D3-B0C4-7AE4FD14AA22}
		{2FAF2F4A-C0CF-44B7-9B7C-DFCABEF9A7E0} = {BB07B9FE-2900-4BF0-822B-78391A0BCDF2}
		{A542BDE9-96B9-4E93-81F6-6B09BC7AD0CC} = {BB07B9FE-2900-4BF0-822B-78391A0BCDF2}
		{7A6965E1-C5DA-4548-B769-600B22DB9D5C} = {2FAF2F4A-C0CF-44B7-9B7C-DFCABEF9A7E0}
		{10F02318-C0C4-4A9E-B626-3D303652745B} = {2FAF2F4A-C0CF-44B7-9B7C-DFCABEF9A7E0}
		{3A119B97-4694-46B6-AA6C-E31C26299A58} = {2FAF2F4A-C0CF-44B7-9B7C-DFCABEF9A7E0}
		{ED789856-B6F7-4001-9B34-F5840959FFE3} = {7A6965E1-C5DA-4548-B769-600B22DB9D5C}
		{1EAD2D2D-5FD8-4C48-91F9-22046165F9CF} = {3A119B97-4694-46B6-AA6C-E31C26299A58}
		{41605E96-37B9-49C3-A14F-B7373E01514D} = {A542BDE9-96B9-4E93-81F6-6B09BC7AD0CC}
		{C8429384-3792-4EE7-BEE8-017A2BE7CE5E} = {41605E96-37B9-49C3-A14F-B7373E01514D}
		{DC3BFCF9-A401-4F4D-8D25-AEC47E4AB22C} = {4A9DF5D7-0C85-4B4B-83C9-487CF973D530}
		{D65979AA-696E-4410-AFDC-7F39FD539A43} = {DC3BFCF9-A401-4F4D-8D25-AEC47E4AB22C}
		{D6CD5F23-03A1-4EE3-8D6E-8E23DD99B94A} = {4A9DF5D7-0C85-4B4B-83C9-487CF973D530}
		{BAD900A8-168E-4F53-BD47-8AC2EE4FF2B4} = {D6CD5F23-03A1-4EE3-8D6E-8E23DD99B94A}
		{74D9091A-C94B-401D-9020-5E75ADF24522} = {4A9DF5D7-0C85-4B4B-83C9-487CF973D530}
		{1C1FD3D4-F352-47C4-9142-2E3BA9631FF4} = {74D9091A-C94B-401D-9020-5E75ADF24522}
		{2D9B7E31-C018-4F5A-ACDC-B298871A5597} = {4A9DF5D7-0C85-4B4B-83C9-487CF973D530}
		{635094C7-7285-4ADD-BA58-4A26CF0CA8D9} = {2D9B7E31-C018-4F5A-ACDC-B298871A5597}
		{81F72C5A-AD34-4B95-8B08-1A277FF33BDD} = {635094C7-7285-4ADD-BA58-4A26CF0CA8D9}
		{EF596D80-075F-41B6-A774-E53F174FA2BD} = {2D9B7E31-C018-4F5A-ACDC-B298871A5597}
		{27163FE5-C2C1-41FA-82DF-FAF9374B86C3} = {EF596D80-075F-41B6-A774-E53F174FA2BD}
		{7F17C5C1-BB66-48D6-9FA6-857346D75144} = {35426A9B-1CED-478D-AEAE-3D19880DEE1F}
		{A896E6BA-7AA4-47A0-98FF-5AD9D1C520E1} = {7F17C5C1-BB66-48D6-9FA6-857346D75144}
		{A19AECCF-D1AB-4A84-B6EA-9758D59AB624} = {A896E6BA-7AA4-47A0-98FF-5AD9D1C520E1}
		{D9E23219-85A1-439A-B1A3-5AD48E75096C} = {7F17C5C1-BB66-48D6-9FA6-857346D75144}
		{585A042B-FFA5-4ED7-B81C-6A9E975BC9E8} = {7F17C5C1-BB66-48D6-9FA6-857346D75144}
		{81855DD1-709D-43AA-A6E3-1676E97BB659} = {7F17C5C1-BB66-48D6-9FA6-857346D75144}
		{06FDC8CE-9145-4203-828A-83820F8DCE8D} = {D9E23219-85A1-439A-B1A3-5AD48E75096C}
		{930E8D8E-FAD9-4A2D-8CAB-576DB1509137} = {585A042B-FFA5-4ED7-B81C-6A9E975BC9E8}
		{F68E3177-2132-4579-A6E3-5E24E1D39A35} = {10F02318-C0C4-4A9E-B626-3D303652745B}
		{8955094C-8F67-4E35-8EB8-A63D51497D44} = {7A6965E1-C5DA-4548-B769-600B22DB9D5C}
		{3E9EEF91-D095-48D6-8748-3DF5464D9452} = {81855DD1-709D-43AA-A6E3-1676E97BB659}
		{B17D7E79-6FE3-4D37-939E-3ECDD96E895D} = {ED789856-B6F7-4001-9B34-F5840959FFE3}
		{C3AFDE79-476E-4F9C-B793-786DDD827539} = {ED789856-B6F7-4001-9B34-F5840959FFE3}
		{C5C423D4-7136-409B-A51B-997C79CF465A} = {3E9EEF91-D095-48D6-8748-3DF5464D9452}
		{2DFB7CE7-2007-4EDB-BCC7-77E181D0AF40} = {10F02318-C0C4-4A9E-B626-3D303652745B}
		{49D106A3-292E-4CB5-BC4A-4FC3045B50DB} = {10F02318-C0C4-4A9E-B626-3D303652745B}
	EndGlobalSection
	GlobalSection(ExtensibilityGlobals) = postSolution
		SolutionGuid = {9F19E12C-5904-4A0A-9AD4-606F75694C7C}
	EndGlobalSection
EndGlobal
