{
  "version": 1,
  "dependencies": {
    ".NETCoreApp,Version=v2.0": {
      "Microsoft.Azure.Kusto.Data.NETStandard": {
        "type": "Direct",
        "requested": "[6.1.8, )",
        "resolved": "6.1.8",
        "contentHash": "2hTyEbxnKbYU0K+wqQwFwsF6UMB98TtMDyiXUKsfDsQ5oI9ZkWt/jm6mOXBMFz7EcBCQR7nLsCSViuVuGZHHsA==",
        "dependencies": {
          "Microsoft.Azure.Kusto.Cloud.Platform.NETStandard": "6.1.8",
          "Microsoft.Extensions.PlatformAbstractions": "1.1.0",
          "Microsoft.IO.RecyclableMemoryStream": "1.2.2",
          "Microsoft.IdentityModel.Clients.ActiveDirectory": "4.5.1",
          "Newtonsoft.Json": "11.0.2",
          "System.CodeDom": "4.5.0",
          "System.Collections.Immutable": "1.5.0",
          "System.Data.SqlClient": "4.5.1",
          "System.Security.Claims": "4.3.0",
          "System.Security.Cryptography.ProtectedData": "4.4.0",
          "WindowsAzure.Storage": "9.3.2"
        }
      },
      "Microsoft.Azure.Kusto.Ingest.NETStandard": {
        "type": "Direct",
        "requested": "[6.1.8, )",
        "resolved": "6.1.8",
        "contentHash": "FeXxUA6+xRCb2IMuUCBs3ur36bxdORbU3QvfUwl7w1J+W1gldn06X1rhiUNB2FUrSPxoQEuM8Y5Rh4xyhJxVOA==",
        "dependencies": {
          "Microsoft.Azure.Kusto.Cloud.Platform.Azure.NETStandard": "6.1.8",
          "Microsoft.Azure.Kusto.Data.NETStandard": "6.1.8",
          "Microsoft.Extensions.PlatformAbstractions": "1.1.0",
          "Microsoft.IO.RecyclableMemoryStream": "1.2.2",
          "Microsoft.IdentityModel.Clients.ActiveDirectory": "4.5.1",
          "Newtonsoft.Json": "11.0.2",
          "System.CodeDom": "4.5.0",
          "System.Collections.Immutable": "1.5.0",
          "System.Data.SqlClient": "4.5.1",
          "System.Security.Claims": "4.3.0",
          "System.Security.Cryptography.ProtectedData": "4.4.0"
        }
      }
}