// !$*UTF8*$!
{
	archiveVersion = 1;
	classes = {
	};
	objectVersion = 50;
	objects = {

/* Begin PBXBuildFile section */
		3C44029C24336AEB008CACDD /* SystemExtensionManager.m in Sources */ = {isa = PBXBuildFile; fileRef = 3C44029B24336AEB008CACDD /* SystemExtensionManager.m */; };
		3C4402A424336AEC008CACDD /* main.mm in Sources */ = {isa = PBXBuildFile; fileRef = 3C4402A324336AEC008CACDD /* main.mm */; };
		3C4402CE243378EE008CACDD /* coreruncommon.mm in Sources */ = {isa = PBXBuildFile; fileRef = 3C4402CD243378EE008CACDD /* coreruncommon.mm */; };
		3C5814112767EDF00010321A /* com.microsoft.buildxl.sandbox.plist in CopyFiles */ = {isa = PBXBuildFile; fileRef = 3C5814102767EDC60010321A /* com.microsoft.buildxl.sandbox.plist */; };
		3C91D2C42761191D00DD6CE6 /* ESClient.mm in Sources */ = {isa = PBXBuildFile; fileRef = 3C794F522448993200EF72E5 /* ESClient.mm */; };
		3C91D2C52761191D00DD6CE6 /* IOEvent.cpp in Sources */ = {isa = PBXBuildFile; fileRef = 3CFB2E4424F0288B00A5198F /* IOEvent.cpp */; };
		3C91D2C62761191D00DD6CE6 /* main.mm in Sources */ = {isa = PBXBuildFile; fileRef = 3CB3E16424475CF4004D2734 /* main.mm */; };
		3C91D2C72761193F00DD6CE6 /* libEndpointSecurity.tbd in Frameworks */ = {isa = PBXBuildFile; fileRef = 3C4402BB24336C47008CACDD /* libEndpointSecurity.tbd */; };
		3C91D2C82761194400DD6CE6 /* libbsm.tbd in Frameworks */ = {isa = PBXBuildFile; fileRef = 3C4402B924336C3F008CACDD /* libbsm.tbd */; };
		3C9991A52449CBFC00CEB33E /* XPCTester.h in Sources */ = {isa = PBXBuildFile; fileRef = 3C9991A42449CBFC00CEB33E /* XPCTester.h */; };
		3C9E56A324F0022400BD7D34 /* libEndpointSecurity.tbd in Frameworks */ = {isa = PBXBuildFile; fileRef = 3C4402BB24336C47008CACDD /* libEndpointSecurity.tbd */; };
		3C9E56AB24F0022400BD7D34 /* com.microsoft.buildxl.extension.systemextension in Embed System Extension */ = {isa = PBXBuildFile; fileRef = 3C9E56A224F0022400BD7D34 /* com.microsoft.buildxl.extension.systemextension */; settings = {ATTRIBUTES = (RemoveHeadersOnCopy, ); }; };
		3C9E56AF24F0024600BD7D34 /* ESClient.mm in Sources */ = {isa = PBXBuildFile; fileRef = 3C794F522448993200EF72E5 /* ESClient.mm */; };
		3C9E56B024F0024600BD7D34 /* main.mm in Sources */ = {isa = PBXBuildFile; fileRef = 3CB3E16424475CF4004D2734 /* main.mm */; };
		3C9E56BD24F0063900BD7D34 /* libbsm.tbd in Frameworks */ = {isa = PBXBuildFile; fileRef = 3C4402B924336C3F008CACDD /* libbsm.tbd */; };
		3CF528B324F3C32E00E6619E /* ESClient.hpp in Sources */ = {isa = PBXBuildFile; fileRef = 3C794F532448993200EF72E5 /* ESClient.hpp */; };
		3CF528B424F3C32E00E6619E /* ESConstants.hpp in Sources */ = {isa = PBXBuildFile; fileRef = 3CB3E16024475B96004D2734 /* ESConstants.hpp */; };
		3CF528B524F3C32E00E6619E /* IOEvent.hpp in Sources */ = {isa = PBXBuildFile; fileRef = 3CFB2E4524F0288B00A5198F /* IOEvent.hpp */; };
		3CF528B624F3C32E00E6619E /* MemoryStreams.hpp in Sources */ = {isa = PBXBuildFile; fileRef = 3CFB2E4324F0288A00A5198F /* MemoryStreams.hpp */; };
		3CF528B724F3C32E00E6619E /* PathCacheEntry.hpp in Sources */ = {isa = PBXBuildFile; fileRef = 3CFB2E4624F0288B00A5198F /* PathCacheEntry.hpp */; };
		3CF528B824F3C32E00E6619E /* PathExtractor.hpp in Sources */ = {isa = PBXBuildFile; fileRef = 3CFB2E4224F0288A00A5198F /* PathExtractor.hpp */; };
		3CF528B924F3C32E00E6619E /* XPCConstants.hpp in Sources */ = {isa = PBXBuildFile; fileRef = 3CB3E14C24475736004D2734 /* XPCConstants.hpp */; };
		3CFB2E4724F0288B00A5198F /* IOEvent.cpp in Sources */ = {isa = PBXBuildFile; fileRef = 3CFB2E4424F0288B00A5198F /* IOEvent.cpp */; };
/* End PBXBuildFile section */

/* Begin PBXContainerItemProxy section */
		3C9E56A924F0022400BD7D34 /* PBXContainerItemProxy */ = {
			isa = PBXContainerItemProxy;
			containerPortal = 3C44028F24336AEB008CACDD /* Project object */;
			proxyType = 1;
			remoteGlobalIDString = 3C9E56A124F0022400BD7D34;
			remoteInfo = Extension;
		};
/* End PBXContainerItemProxy section */

/* Begin PBXCopyFilesBuildPhase section */
		3C4402CA24336ED0008CACDD /* Embed System Extension */ = {
			isa = PBXCopyFilesBuildPhase;
			buildActionMask = 2147483647;
			dstPath = "$(SYSTEM_EXTENSIONS_FOLDER_PATH)";
			dstSubfolderSpec = 16;
			files = (
				3C9E56AB24F0022400BD7D34 /* com.microsoft.buildxl.extension.systemextension in Embed System Extension */,
			);
			name = "Embed System Extension";
			runOnlyForDeploymentPostprocessing = 0;
		};
		3C91D2BB276118FB00DD6CE6 /* CopyFiles */ = {
			isa = PBXCopyFilesBuildPhase;
			buildActionMask = 12;
			dstPath = "";
			dstSubfolderSpec = 16;
			files = (
				3C5814112767EDF00010321A /* com.microsoft.buildxl.sandbox.plist in CopyFiles */,
			);
			runOnlyForDeploymentPostprocessing = 0;
		};
/* End PBXCopyFilesBuildPhase section */

/* Begin PBXFileReference section */
		3C44029724336AEB008CACDD /* BuildXL.app */ = {isa = PBXFileReference; explicitFileType = wrapper.application; includeInIndex = 0; path = BuildXL.app; sourceTree = BUILT_PRODUCTS_DIR; };
		3C44029A24336AEB008CACDD /* SystemExtensionManager.h */ = {isa = PBXFileReference; lastKnownFileType = sourcecode.c.h; path = SystemExtensionManager.h; sourceTree = "<group>"; };
		3C44029B24336AEB008CACDD /* SystemExtensionManager.m */ = {isa = PBXFileReference; lastKnownFileType = sourcecode.c.objc; path = SystemExtensionManager.m; sourceTree = "<group>"; };
		3C4402A224336AEC008CACDD /* Info.plist */ = {isa = PBXFileReference; lastKnownFileType = text.plist.xml; path = Info.plist; sourceTree = "<group>"; };
		3C4402A324336AEC008CACDD /* main.mm */ = {isa = PBXFileReference; lastKnownFileType = sourcecode.cpp.objcpp; path = main.mm; sourceTree = "<group>"; };
		3C4402A524336AEC008CACDD /* BuildXL.entitlements */ = {isa = PBXFileReference; lastKnownFileType = text.plist.entitlements; path = BuildXL.entitlements; sourceTree = "<group>"; };
		3C4402B624336B7B008CACDD /* Extension.entitlements */ = {isa = PBXFileReference; fileEncoding = 4; lastKnownFileType = text.plist.entitlements; path = Extension.entitlements; sourceTree = "<group>"; };
		3C4402B924336C3F008CACDD /* libbsm.tbd */ = {isa = PBXFileReference; lastKnownFileType = "sourcecode.text-based-dylib-definition"; name = libbsm.tbd; path = usr/lib/libbsm.tbd; sourceTree = SDKROOT; };
		3C4402BB24336C47008CACDD /* libEndpointSecurity.tbd */ = {isa = PBXFileReference; lastKnownFileType = "sourcecode.text-based-dylib-definition"; name = libEndpointSecurity.tbd; path = usr/lib/libEndpointSecurity.tbd; sourceTree = SDKROOT; };
		3C4402CC2433788D008CACDD /* coreruncommon.h */ = {isa = PBXFileReference; lastKnownFileType = sourcecode.c.h; path = coreruncommon.h; sourceTree = "<group>"; };
		3C4402CD243378EE008CACDD /* coreruncommon.mm */ = {isa = PBXFileReference; lastKnownFileType = sourcecode.cpp.objcpp; path = coreruncommon.mm; sourceTree = "<group>"; };
		3C4402CF24337A3B008CACDD /* coreclrhost.h */ = {isa = PBXFileReference; fileEncoding = 4; lastKnownFileType = sourcecode.c.h; path = coreclrhost.h; sourceTree = "<group>"; };
		3C5814102767EDC60010321A /* com.microsoft.buildxl.sandbox.plist */ = {isa = PBXFileReference; lastKnownFileType = text.plist; path = com.microsoft.buildxl.sandbox.plist; sourceTree = SOURCE_ROOT; };
		3C794F522448993200EF72E5 /* ESClient.mm */ = {isa = PBXFileReference; lastKnownFileType = sourcecode.cpp.objcpp; path = ESClient.mm; sourceTree = "<group>"; };
		3C794F532448993200EF72E5 /* ESClient.hpp */ = {isa = PBXFileReference; lastKnownFileType = sourcecode.cpp.h; path = ESClient.hpp; sourceTree = "<group>"; };
		3C91D2BD276118FB00DD6CE6 /* BuildXLSandboxDaemon */ = {isa = PBXFileReference; explicitFileType = "compiled.mach-o.executable"; includeInIndex = 0; path = BuildXLSandboxDaemon; sourceTree = BUILT_PRODUCTS_DIR; };
		3C9991A42449CBFC00CEB33E /* XPCTester.h */ = {isa = PBXFileReference; explicitFileType = sourcecode.cpp.h; path = XPCTester.h; sourceTree = "<group>"; };
		3C9E56A224F0022400BD7D34 /* com.microsoft.buildxl.extension.systemextension */ = {isa = PBXFileReference; explicitFileType = "wrapper.system-extension"; includeInIndex = 0; path = com.microsoft.buildxl.extension.systemextension; sourceTree = BUILT_PRODUCTS_DIR; };
		3C9E56A724F0022400BD7D34 /* Info.plist */ = {isa = PBXFileReference; lastKnownFileType = text.plist.xml; path = Info.plist; sourceTree = "<group>"; };
		3CB1B12627625AA700EFBE67 /* Daemon.entitlements */ = {isa = PBXFileReference; fileEncoding = 4; lastKnownFileType = text.plist.entitlements; path = Daemon.entitlements; sourceTree = "<group>"; };
		3CB3E14C24475736004D2734 /* XPCConstants.hpp */ = {isa = PBXFileReference; fileEncoding = 4; lastKnownFileType = sourcecode.cpp.h; path = XPCConstants.hpp; sourceTree = "<group>"; };
		3CB3E159244758DB004D2734 /* Cocoa.framework */ = {isa = PBXFileReference; lastKnownFileType = wrapper.framework; name = Cocoa.framework; path = System/Library/Frameworks/Cocoa.framework; sourceTree = SDKROOT; };
		3CB3E16024475B96004D2734 /* ESConstants.hpp */ = {isa = PBXFileReference; lastKnownFileType = sourcecode.cpp.h; path = ESConstants.hpp; sourceTree = "<group>"; };
		3CB3E16424475CF4004D2734 /* main.mm */ = {isa = PBXFileReference; fileEncoding = 4; lastKnownFileType = sourcecode.cpp.objcpp; path = main.mm; sourceTree = "<group>"; };
		3CB3E16624477115004D2734 /* Foundation.framework */ = {isa = PBXFileReference; lastKnownFileType = wrapper.framework; name = Foundation.framework; path = System/Library/Frameworks/Foundation.framework; sourceTree = SDKROOT; };
		3CFB2E4224F0288A00A5198F /* PathExtractor.hpp */ = {isa = PBXFileReference; fileEncoding = 4; lastKnownFileType = sourcecode.cpp.h; name = PathExtractor.hpp; path = ../../Interop/Sandbox/Data/PathExtractor.hpp; sourceTree = "<group>"; };
		3CFB2E4324F0288A00A5198F /* MemoryStreams.hpp */ = {isa = PBXFileReference; fileEncoding = 4; lastKnownFileType = sourcecode.cpp.h; name = MemoryStreams.hpp; path = ../../Interop/Sandbox/Data/MemoryStreams.hpp; sourceTree = "<group>"; };
		3CFB2E4424F0288B00A5198F /* IOEvent.cpp */ = {isa = PBXFileReference; fileEncoding = 4; lastKnownFileType = sourcecode.cpp.cpp; name = IOEvent.cpp; path = ../../Interop/Sandbox/Data/IOEvent.cpp; sourceTree = "<group>"; };
		3CFB2E4524F0288B00A5198F /* IOEvent.hpp */ = {isa = PBXFileReference; fileEncoding = 4; lastKnownFileType = sourcecode.cpp.h; name = IOEvent.hpp; path = ../../Interop/Sandbox/Data/IOEvent.hpp; sourceTree = "<group>"; };
		3CFB2E4624F0288B00A5198F /* PathCacheEntry.hpp */ = {isa = PBXFileReference; fileEncoding = 4; lastKnownFileType = sourcecode.cpp.h; name = PathCacheEntry.hpp; path = ../../Interop/Sandbox/Data/PathCacheEntry.hpp; sourceTree = "<group>"; };
/* End PBXFileReference section */

/* Begin PBXFrameworksBuildPhase section */
		3C44029424336AEB008CACDD /* Frameworks */ = {
			isa = PBXFrameworksBuildPhase;
			buildActionMask = 2147483647;
			files = (
			);
			runOnlyForDeploymentPostprocessing = 0;
		};
		3C91D2BA276118FB00DD6CE6 /* Frameworks */ = {
			isa = PBXFrameworksBuildPhase;
			buildActionMask = 2147483647;
			files = (
				3C91D2C82761194400DD6CE6 /* libbsm.tbd in Frameworks */,
				3C91D2C72761193F00DD6CE6 /* libEndpointSecurity.tbd in Frameworks */,
			);
			runOnlyForDeploymentPostprocessing = 0;
		};
		3C9E569F24F0022400BD7D34 /* Frameworks */ = {
			isa = PBXFrameworksBuildPhase;
			buildActionMask = 2147483647;
			files = (
				3C9E56A324F0022400BD7D34 /* libEndpointSecurity.tbd in Frameworks */,
				3C9E56BD24F0063900BD7D34 /* libbsm.tbd in Frameworks */,
			);
			runOnlyForDeploymentPostprocessing = 0;
		};
/* End PBXFrameworksBuildPhase section */

/* Begin PBXGroup section */
		3C44028E24336AEB008CACDD = {
			isa = PBXGroup;
			children = (
				3C44029924336AEB008CACDD /* BuildXL */,
				3C9E56A424F0022400BD7D34 /* Extension */,
				3C44029824336AEB008CACDD /* Products */,
				3C4402B824336C3F008CACDD /* Frameworks */,
			);
			sourceTree = "<group>";
		};
		3C44029824336AEB008CACDD /* Products */ = {
			isa = PBXGroup;
			children = (
				3C44029724336AEB008CACDD /* BuildXL.app */,
				3C9E56A224F0022400BD7D34 /* com.microsoft.buildxl.extension.systemextension */,
				3C91D2BD276118FB00DD6CE6 /* BuildXLSandboxDaemon */,
			);
			name = Products;
			sourceTree = "<group>";
		};
		3C44029924336AEB008CACDD /* BuildXL */ = {
			isa = PBXGroup;
			children = (
				3C4402A524336AEC008CACDD /* BuildXL.entitlements */,
				3C5814102767EDC60010321A /* com.microsoft.buildxl.sandbox.plist */,
				3C4402D024337A4A008CACDD /* CoreCLR */,
				3C4402A224336AEC008CACDD /* Info.plist */,
				3C4402A324336AEC008CACDD /* main.mm */,
				3C44029A24336AEB008CACDD /* SystemExtensionManager.h */,
				3C44029B24336AEB008CACDD /* SystemExtensionManager.m */,
				3C9991A42449CBFC00CEB33E /* XPCTester.h */,
			);
			path = BuildXL;
			sourceTree = "<group>";
		};
		3C4402B824336C3F008CACDD /* Frameworks */ = {
			isa = PBXGroup;
			children = (
				3CB3E16624477115004D2734 /* Foundation.framework */,
				3CB3E159244758DB004D2734 /* Cocoa.framework */,
				3C4402BB24336C47008CACDD /* libEndpointSecurity.tbd */,
				3C4402B924336C3F008CACDD /* libbsm.tbd */,
			);
			name = Frameworks;
			sourceTree = "<group>";
		};
		3C4402D024337A4A008CACDD /* CoreCLR */ = {
			isa = PBXGroup;
			children = (
				3C4402CF24337A3B008CACDD /* coreclrhost.h */,
				3C4402CC2433788D008CACDD /* coreruncommon.h */,
				3C4402CD243378EE008CACDD /* coreruncommon.mm */,
			);
			path = CoreCLR;
			sourceTree = "<group>";
		};
		3C9E56A424F0022400BD7D34 /* Extension */ = {
			isa = PBXGroup;
			children = (
				3CB1B12627625AA700EFBE67 /* Daemon.entitlements */,
				3CFB2E4824F02A4500A5198F /* EndpointSecurity */,
				3C4402B624336B7B008CACDD /* Extension.entitlements */,
				3CFB2E4124F0286300A5198F /* External */,
				3C9E56A724F0022400BD7D34 /* Info.plist */,
				3CB3E16424475CF4004D2734 /* main.mm */,
				3CFB2E4924F02A7800A5198F /* XPC */,
			);
			path = Extension;
			sourceTree = "<group>";
		};
		3CFB2E4124F0286300A5198F /* External */ = {
			isa = PBXGroup;
			children = (
				3CFB2E4424F0288B00A5198F /* IOEvent.cpp */,
				3CFB2E4524F0288B00A5198F /* IOEvent.hpp */,
				3CFB2E4324F0288A00A5198F /* MemoryStreams.hpp */,
				3CFB2E4624F0288B00A5198F /* PathCacheEntry.hpp */,
				3CFB2E4224F0288A00A5198F /* PathExtractor.hpp */,
			);
			name = External;
			sourceTree = "<group>";
		};
		3CFB2E4824F02A4500A5198F /* EndpointSecurity */ = {
			isa = PBXGroup;
			children = (
				3C794F532448993200EF72E5 /* ESClient.hpp */,
				3C794F522448993200EF72E5 /* ESClient.mm */,
				3CB3E16024475B96004D2734 /* ESConstants.hpp */,
			);
			name = EndpointSecurity;
			sourceTree = "<group>";
		};
		3CFB2E4924F02A7800A5198F /* XPC */ = {
			isa = PBXGroup;
			children = (
				3CB3E14C24475736004D2734 /* XPCConstants.hpp */,
			);
			name = XPC;
			sourceTree = "<group>";
		};
/* End PBXGroup section */

/* Begin PBXNativeTarget section */
		3C44029624336AEB008CACDD /* BuildXL */ = {
			isa = PBXNativeTarget;
			buildConfigurationList = 3C4402A824336AEC008CACDD /* Build configuration list for PBXNativeTarget "BuildXL" */;
			buildPhases = (
				3C44029324336AEB008CACDD /* Sources */,
				3C44029424336AEB008CACDD /* Frameworks */,
				3C44029524336AEB008CACDD /* Resources */,
				3C4402CA24336ED0008CACDD /* Embed System Extension */,
				3C4402D124339126008CACDD /* Create CoreCLR Folders */,
			);
			buildRules = (
			);
			dependencies = (
				3C9E56AA24F0022400BD7D34 /* PBXTargetDependency */,
			);
			name = BuildXL;
			productName = BuildXL;
			productReference = 3C44029724336AEB008CACDD /* BuildXL.app */;
			productType = "com.apple.product-type.application";
		};
		3C91D2BC276118FB00DD6CE6 /* BuildXLSandboxDaemon */ = {
			isa = PBXNativeTarget;
			buildConfigurationList = 3C91D2C3276118FB00DD6CE6 /* Build configuration list for PBXNativeTarget "BuildXLSandboxDaemon" */;
			buildPhases = (
				3C91D2B9276118FB00DD6CE6 /* Sources */,
				3C91D2BA276118FB00DD6CE6 /* Frameworks */,
				3C91D2BB276118FB00DD6CE6 /* CopyFiles */,
			);
			buildRules = (
			);
			dependencies = (
			);
			name = BuildXLSandboxDaemon;
			productName = exttester;
			productReference = 3C91D2BD276118FB00DD6CE6 /* BuildXLSandboxDaemon */;
			productType = "com.apple.product-type.tool";
		};
		3C9E56A124F0022400BD7D34 /* Extension */ = {
			isa = PBXNativeTarget;
			buildConfigurationList = 3C9E56AC24F0022400BD7D34 /* Build configuration list for PBXNativeTarget "Extension" */;
			buildPhases = (
				3C9E569E24F0022400BD7D34 /* Sources */,
				3C9E569F24F0022400BD7D34 /* Frameworks */,
				3C9E56A024F0022400BD7D34 /* Resources */,
			);
			buildRules = (
			);
			dependencies = (
			);
			name = Extension;
			productName = Extension;
			productReference = 3C9E56A224F0022400BD7D34 /* com.microsoft.buildxl.extension.systemextension */;
			productType = "com.apple.product-type.system-extension";
		};
/* End PBXNativeTarget section */

/* Begin PBXProject section */
		3C44028F24336AEB008CACDD /* Project object */ = {
			isa = PBXProject;
			attributes = {
				LastUpgradeCheck = 1200;
				ORGANIZATIONNAME = Microsoft;
				TargetAttributes = {
					3C44029624336AEB008CACDD = {
						CreatedOnToolsVersion = 11.4;
					};
					3C91D2BC276118FB00DD6CE6 = {
						CreatedOnToolsVersion = 13.1;
					};
					3C9E56A124F0022400BD7D34 = {
						CreatedOnToolsVersion = 12.0;
					};
				};
			};
			buildConfigurationList = 3C44029224336AEB008CACDD /* Build configuration list for PBXProject "BuildXL" */;
			compatibilityVersion = "Xcode 9.3";
			developmentRegion = en;
			hasScannedForEncodings = 0;
			knownRegions = (
				en,
				Base,
			);
			mainGroup = 3C44028E24336AEB008CACDD;
			productRefGroup = 3C44029824336AEB008CACDD /* Products */;
			projectDirPath = "";
			projectRoot = "";
			targets = (
				3C44029624336AEB008CACDD /* BuildXL */,
				3C9E56A124F0022400BD7D34 /* Extension */,
				3C91D2BC276118FB00DD6CE6 /* BuildXLSandboxDaemon */,
			);
		};
/* End PBXProject section */

/* Begin PBXResourcesBuildPhase section */
		3C44029524336AEB008CACDD /* Resources */ = {
			isa = PBXResourcesBuildPhase;
			buildActionMask = 2147483647;
			files = (
			);
			runOnlyForDeploymentPostprocessing = 0;
		};
		3C9E56A024F0022400BD7D34 /* Resources */ = {
			isa = PBXResourcesBuildPhase;
			buildActionMask = 2147483647;
			files = (
			);
			runOnlyForDeploymentPostprocessing = 0;
		};
/* End PBXResourcesBuildPhase section */

/* Begin PBXShellScriptBuildPhase section */
		3C4402D124339126008CACDD /* Create CoreCLR Folders */ = {
			isa = PBXShellScriptBuildPhase;
			buildActionMask = 2147483647;
			files = (
			);
			inputFileListPaths = (
			);
			inputPaths = (
			);
			name = "Create CoreCLR Folders";
			outputFileListPaths = (
			);
			outputPaths = (
			);
			runOnlyForDeploymentPostprocessing = 0;
			shellPath = /bin/sh;
			shellScript = "if [[ ! -d \"$BUILT_PRODUCTS_DIR/$WRAPPER_NAME/$BUNDLE_CONTENTS_FOLDER_PATH/CoreClrBundle\" ]]; then\n    mkdir \"$BUILT_PRODUCTS_DIR/$WRAPPER_NAME/$BUNDLE_CONTENTS_FOLDER_PATH/CoreClrBundle\"\n    cd \"$BUILT_PRODUCTS_DIR/$WRAPPER_NAME/$BUNDLE_CONTENTS_FOLDER_PATH\"\n    ln -s \"CoreClrBundle\" \"ManagedBundle\"\nfi\n";
		};
/* End PBXShellScriptBuildPhase section */

/* Begin PBXSourcesBuildPhase section */
		3C44029324336AEB008CACDD /* Sources */ = {
			isa = PBXSourcesBuildPhase;
			buildActionMask = 2147483647;
			files = (
				3C4402CE243378EE008CACDD /* coreruncommon.mm in Sources */,
				3C4402A424336AEC008CACDD /* main.mm in Sources */,
				3C44029C24336AEB008CACDD /* SystemExtensionManager.m in Sources */,
				3C9991A52449CBFC00CEB33E /* XPCTester.h in Sources */,
			);
			runOnlyForDeploymentPostprocessing = 0;
		};
		3C91D2B9276118FB00DD6CE6 /* Sources */ = {
			isa = PBXSourcesBuildPhase;
			buildActionMask = 2147483647;
			files = (
				3C91D2C42761191D00DD6CE6 /* ESClient.mm in Sources */,
				3C91D2C52761191D00DD6CE6 /* IOEvent.cpp in Sources */,
				3C91D2C62761191D00DD6CE6 /* main.mm in Sources */,
			);
			runOnlyForDeploymentPostprocessing = 0;
		};
		3C9E569E24F0022400BD7D34 /* Sources */ = {
			isa = PBXSourcesBuildPhase;
			buildActionMask = 2147483647;
			files = (
				3C9E56AF24F0024600BD7D34 /* ESClient.mm in Sources */,
				3CF528B324F3C32E00E6619E /* ESClient.hpp in Sources */,
				3CF528B424F3C32E00E6619E /* ESConstants.hpp in Sources */,
				3CFB2E4724F0288B00A5198F /* IOEvent.cpp in Sources */,
				3CF528B524F3C32E00E6619E /* IOEvent.hpp in Sources */,
				3CF528B624F3C32E00E6619E /* MemoryStreams.hpp in Sources */,
				3CF528B724F3C32E00E6619E /* PathCacheEntry.hpp in Sources */,
				3CF528B824F3C32E00E6619E /* PathExtractor.hpp in Sources */,
				3CF528B924F3C32E00E6619E /* XPCConstants.hpp in Sources */,
				3C9E56B024F0024600BD7D34 /* main.mm in Sources */,
			);
			runOnlyForDeploymentPostprocessing = 0;
		};
/* End PBXSourcesBuildPhase section */

/* Begin PBXTargetDependency section */
		3C9E56AA24F0022400BD7D34 /* PBXTargetDependency */ = {
			isa = PBXTargetDependency;
			target = 3C9E56A124F0022400BD7D34 /* Extension */;
			targetProxy = 3C9E56A924F0022400BD7D34 /* PBXContainerItemProxy */;
		};
/* End PBXTargetDependency section */

/* Begin XCBuildConfiguration section */
		3C4402A624336AEC008CACDD /* debug */ = {
			isa = XCBuildConfiguration;
			buildSettings = {
				ALWAYS_SEARCH_USER_PATHS = NO;
				CLANG_ANALYZER_NONNULL = YES;
				CLANG_ANALYZER_NUMBER_OBJECT_CONVERSION = YES_AGGRESSIVE;
				CLANG_CXX_LANGUAGE_STANDARD = "gnu++14";
				CLANG_CXX_LIBRARY = "libc++";
				CLANG_ENABLE_MODULES = YES;
				CLANG_ENABLE_OBJC_ARC = YES;
				CLANG_ENABLE_OBJC_WEAK = YES;
				CLANG_WARN_BLOCK_CAPTURE_AUTORELEASING = YES;
				CLANG_WARN_BOOL_CONVERSION = YES;
				CLANG_WARN_COMMA = YES;
				CLANG_WARN_CONSTANT_CONVERSION = YES;
				CLANG_WARN_DEPRECATED_OBJC_IMPLEMENTATIONS = YES;
				CLANG_WARN_DIRECT_OBJC_ISA_USAGE = YES_ERROR;
				CLANG_WARN_DOCUMENTATION_COMMENTS = YES;
				CLANG_WARN_EMPTY_BODY = YES;
				CLANG_WARN_ENUM_CONVERSION = YES;
				CLANG_WARN_INFINITE_RECURSION = YES;
				CLANG_WARN_INT_CONVERSION = YES;
				CLANG_WARN_NON_LITERAL_NULL_CONVERSION = YES;
				CLANG_WARN_OBJC_IMPLICIT_RETAIN_SELF = YES;
				CLANG_WARN_OBJC_LITERAL_CONVERSION = YES;
				CLANG_WARN_OBJC_ROOT_CLASS = YES_ERROR;
				CLANG_WARN_QUOTED_INCLUDE_IN_FRAMEWORK_HEADER = YES;
				CLANG_WARN_RANGE_LOOP_ANALYSIS = YES;
				CLANG_WARN_STRICT_PROTOTYPES = YES;
				CLANG_WARN_SUSPICIOUS_MOVE = YES;
				CLANG_WARN_UNGUARDED_AVAILABILITY = YES_AGGRESSIVE;
				CLANG_WARN_UNREACHABLE_CODE = YES;
				CLANG_WARN__DUPLICATE_METHOD_MATCH = YES;
				COPY_PHASE_STRIP = NO;
				DEBUG_INFORMATION_FORMAT = dwarf;
				ENABLE_STRICT_OBJC_MSGSEND = YES;
				ENABLE_TESTABILITY = YES;
				GCC_C_LANGUAGE_STANDARD = gnu11;
				GCC_DYNAMIC_NO_PIC = NO;
				GCC_NO_COMMON_BLOCKS = YES;
				GCC_OPTIMIZATION_LEVEL = 0;
				GCC_PREPROCESSOR_DEFINITIONS = (
					"DEBUG=1",
					"$(inherited)",
				);
				GCC_WARN_64_TO_32_BIT_CONVERSION = YES;
				GCC_WARN_ABOUT_RETURN_TYPE = YES_ERROR;
				GCC_WARN_UNDECLARED_SELECTOR = YES;
				GCC_WARN_UNINITIALIZED_AUTOS = YES_AGGRESSIVE;
				GCC_WARN_UNUSED_FUNCTION = YES;
				GCC_WARN_UNUSED_VARIABLE = YES;
				MACOSX_DEPLOYMENT_TARGET = 10.15;
				MTL_ENABLE_DEBUG_INFO = INCLUDE_SOURCE;
				MTL_FAST_MATH = YES;
				ONLY_ACTIVE_ARCH = YES;
				SDKROOT = macosx;
			};
			name = debug;
		};
		3C4402A724336AEC008CACDD /* release */ = {
			isa = XCBuildConfiguration;
			buildSettings = {
				ALWAYS_SEARCH_USER_PATHS = NO;
				CLANG_ANALYZER_NONNULL = YES;
				CLANG_ANALYZER_NUMBER_OBJECT_CONVERSION = YES_AGGRESSIVE;
				CLANG_CXX_LANGUAGE_STANDARD = "gnu++14";
				CLANG_CXX_LIBRARY = "libc++";
				CLANG_ENABLE_MODULES = YES;
				CLANG_ENABLE_OBJC_ARC = YES;
				CLANG_ENABLE_OBJC_WEAK = YES;
				CLANG_WARN_BLOCK_CAPTURE_AUTORELEASING = YES;
				CLANG_WARN_BOOL_CONVERSION = YES;
				CLANG_WARN_COMMA = YES;
				CLANG_WARN_CONSTANT_CONVERSION = YES;
				CLANG_WARN_DEPRECATED_OBJC_IMPLEMENTATIONS = YES;
				CLANG_WARN_DIRECT_OBJC_ISA_USAGE = YES_ERROR;
				CLANG_WARN_DOCUMENTATION_COMMENTS = YES;
				CLANG_WARN_EMPTY_BODY = YES;
				CLANG_WARN_ENUM_CONVERSION = YES;
				CLANG_WARN_INFINITE_RECURSION = YES;
				CLANG_WARN_INT_CONVERSION = YES;
				CLANG_WARN_NON_LITERAL_NULL_CONVERSION = YES;
				CLANG_WARN_OBJC_IMPLICIT_RETAIN_SELF = YES;
				CLANG_WARN_OBJC_LITERAL_CONVERSION = YES;
				CLANG_WARN_OBJC_ROOT_CLASS = YES_ERROR;
				CLANG_WARN_QUOTED_INCLUDE_IN_FRAMEWORK_HEADER = YES;
				CLANG_WARN_RANGE_LOOP_ANALYSIS = YES;
				CLANG_WARN_STRICT_PROTOTYPES = YES;
				CLANG_WARN_SUSPICIOUS_MOVE = YES;
				CLANG_WARN_UNGUARDED_AVAILABILITY = YES_AGGRESSIVE;
				CLANG_WARN_UNREACHABLE_CODE = YES;
				CLANG_WARN__DUPLICATE_METHOD_MATCH = YES;
				COPY_PHASE_STRIP = NO;
				DEBUG_INFORMATION_FORMAT = "dwarf-with-dsym";
				ENABLE_NS_ASSERTIONS = NO;
				ENABLE_STRICT_OBJC_MSGSEND = YES;
				GCC_C_LANGUAGE_STANDARD = gnu11;
				GCC_NO_COMMON_BLOCKS = YES;
				GCC_WARN_64_TO_32_BIT_CONVERSION = YES;
				GCC_WARN_ABOUT_RETURN_TYPE = YES_ERROR;
				GCC_WARN_UNDECLARED_SELECTOR = YES;
				GCC_WARN_UNINITIALIZED_AUTOS = YES_AGGRESSIVE;
				GCC_WARN_UNUSED_FUNCTION = YES;
				GCC_WARN_UNUSED_VARIABLE = YES;
				MACOSX_DEPLOYMENT_TARGET = 10.15;
				MTL_ENABLE_DEBUG_INFO = NO;
				MTL_FAST_MATH = YES;
				SDKROOT = macosx;
			};
			name = release;
		};
		3C4402A924336AEC008CACDD /* debug */ = {
			isa = XCBuildConfiguration;
			buildSettings = {
				CODE_SIGN_ENTITLEMENTS = BuildXL/BuildXL.entitlements;
				CODE_SIGN_IDENTITY = "-";
				CODE_SIGN_STYLE = Manual;
				COMBINE_HIDPI_IMAGES = YES;
				ENABLE_HARDENED_RUNTIME = YES;
				INFOPLIST_FILE = BuildXL/Info.plist;
				MACOSX_DEPLOYMENT_TARGET = 10.15;
				ONLY_ACTIVE_ARCH = YES;
				PRODUCT_BUNDLE_IDENTIFIER = com.microsoft.buildxl;
				PRODUCT_NAME = "$(TARGET_NAME)";
				USER_HEADER_SEARCH_PATHS = "$(SRCROOT)/../../Windows/DetoursServices";
			};
			name = debug;
		};
		3C4402AA24336AEC008CACDD /* release */ = {
			isa = XCBuildConfiguration;
			buildSettings = {
				CODE_SIGN_ENTITLEMENTS = BuildXL/BuildXL.entitlements;
				CODE_SIGN_IDENTITY = "-";
				CODE_SIGN_STYLE = Manual;
				COMBINE_HIDPI_IMAGES = YES;
				ENABLE_HARDENED_RUNTIME = YES;
				INFOPLIST_FILE = BuildXL/Info.plist;
				MACOSX_DEPLOYMENT_TARGET = 10.15;
				ONLY_ACTIVE_ARCH = YES;
				PRODUCT_BUNDLE_IDENTIFIER = com.microsoft.buildxl;
				PRODUCT_NAME = "$(TARGET_NAME)";
				USER_HEADER_SEARCH_PATHS = "$(SRCROOT)/../../Windows/DetoursServices";
			};
			name = release;
		};
		3C91D2C1276118FB00DD6CE6 /* debug */ = {
			isa = XCBuildConfiguration;
			buildSettings = {
				CLANG_CXX_LANGUAGE_STANDARD = "gnu++17";
				CODE_SIGN_ENTITLEMENTS = "$(PROJECT_DIR)/Extension/Daemon.entitlements";
				ENABLE_HARDENED_RUNTIME = YES;
				HEADER_SEARCH_PATHS = "$(SRCROOT)/../../Windows/DetoursServices";
				MACOSX_DEPLOYMENT_TARGET = 10.15;
				ONLY_ACTIVE_ARCH = YES;
				PRODUCT_BUNDLE_IDENTIFIER = com.microsoft.buildxl.sandbox;
				PRODUCT_NAME = "$(TARGET_NAME)";
			};
			name = debug;
		};
		3C91D2C2276118FB00DD6CE6 /* release */ = {
			isa = XCBuildConfiguration;
			buildSettings = {
				CLANG_CXX_LANGUAGE_STANDARD = "gnu++17";
				CODE_SIGN_ENTITLEMENTS = "$(PROJECT_DIR)/Extension/Daemon.entitlements";
				DEBUG_INFORMATION_FORMAT = dwarf;
				ENABLE_HARDENED_RUNTIME = YES;
				HEADER_SEARCH_PATHS = "$(SRCROOT)/../../Windows/DetoursServices";
				MACOSX_DEPLOYMENT_TARGET = 10.15;
				ONLY_ACTIVE_ARCH = YES;
				PRODUCT_BUNDLE_IDENTIFIER = com.microsoft.buildxl.sandbox;
				PRODUCT_NAME = "$(TARGET_NAME)";
			};
			name = release;
		};
		3C9E56AD24F0022400BD7D34 /* debug */ = {
			isa = XCBuildConfiguration;
			buildSettings = {
				CODE_SIGN_ENTITLEMENTS = Extension/Extension.entitlements;
				CODE_SIGN_IDENTITY = "-";
				CODE_SIGN_STYLE = Manual;
				CURRENT_PROJECT_VERSION = 1;
				ENABLE_HARDENED_RUNTIME = YES;
				INFOPLIST_FILE = Extension/Info.plist;
				LD_RUNPATH_SEARCH_PATHS = (
					"$(inherited)",
					"@executable_path/../Frameworks",
					"@executable_path/../../../../Frameworks",
				);
				MACOSX_DEPLOYMENT_TARGET = 10.15;
				MARKETING_VERSION = 2;
				ONLY_ACTIVE_ARCH = YES;
				PRODUCT_BUNDLE_IDENTIFIER = com.microsoft.buildxl.extension;
				PRODUCT_NAME = "$(inherited)";
				SKIP_INSTALL = YES;
				USER_HEADER_SEARCH_PATHS = "$(SRCROOT)/../../Windows/DetoursServices";
			};
			name = debug;
		};
		3C9E56AE24F0022400BD7D34 /* release */ = {
			isa = XCBuildConfiguration;
			buildSettings = {
				CODE_SIGN_ENTITLEMENTS = Extension/Extension.entitlements;
				CODE_SIGN_IDENTITY = "-";
				CODE_SIGN_STYLE = Automatic;
				CURRENT_PROJECT_VERSION = 1;
				DEVELOPMENT_TEAM = "";
				ENABLE_HARDENED_RUNTIME = YES;
				INFOPLIST_FILE = Extension/Info.plist;
				LD_RUNPATH_SEARCH_PATHS = (
					"$(inherited)",
					"@executable_path/../Frameworks",
					"@executable_path/../../../../Frameworks",
				);
				MACOSX_DEPLOYMENT_TARGET = 10.15;
				MARKETING_VERSION = 2;
				ONLY_ACTIVE_ARCH = YES;
				PRODUCT_BUNDLE_IDENTIFIER = com.microsoft.buildxl.extension;
				PRODUCT_NAME = "$(inherited)";
				SKIP_INSTALL = YES;
				USER_HEADER_SEARCH_PATHS = "$(SRCROOT)/../../Windows/DetoursServices";
			};
			name = release;
		};
/* End XCBuildConfiguration section */

/* Begin XCConfigurationList section */
		3C44029224336AEB008CACDD /* Build configuration list for PBXProject "BuildXL" */ = {
			isa = XCConfigurationList;
			buildConfigurations = (
				3C4402A624336AEC008CACDD /* debug */,
				3C4402A724336AEC008CACDD /* release */,
			);
			defaultConfigurationIsVisible = 0;
			defaultConfigurationName = release;
		};
		3C4402A824336AEC008CACDD /* Build configuration list for PBXNativeTarget "BuildXL" */ = {
			isa = XCConfigurationList;
			buildConfigurations = (
				3C4402A924336AEC008CACDD /* debug */,
				3C4402AA24336AEC008CACDD /* release */,
			);
			defaultConfigurationIsVisible = 0;
			defaultConfigurationName = release;
		};
		3C91D2C3276118FB00DD6CE6 /* Build configuration list for PBXNativeTarget "BuildXLSandboxDaemon" */ = {
			isa = XCConfigurationList;
			buildConfigurations = (
				3C91D2C1276118FB00DD6CE6 /* debug */,
				3C91D2C2276118FB00DD6CE6 /* release */,
			);
			defaultConfigurationIsVisible = 0;
			defaultConfigurationName = release;
		};
		3C9E56AC24F0022400BD7D34 /* Build configuration list for PBXNativeTarget "Extension" */ = {
			isa = XCConfigurationList;
			buildConfigurations = (
				3C9E56AD24F0022400BD7D34 /* debug */,
				3C9E56AE24F0022400BD7D34 /* release */,
			);
			defaultConfigurationIsVisible = 0;
			defaultConfigurationName = release;
		};
/* End XCConfigurationList section */
	};
	rootObject = 3C44028F24336AEB008CACDD /* Project object */;
}
