
Microsoft Visual Studio Solution File, Format Version 12.00
# Visual Studio 15
VisualStudioVersion = 15.0.27428.2043
MinimumVisualStudioVersion = 10.0.40219.1
Project("{9A19103F-16F7-4668-BE54-9A1E7A4F7556}") = "ProtoGen", "ProtoGen\ProtoGen.csproj", "{CD24884E-A343-46A1-A66E-CFAE7301DA15}"
EndProject
Project("{9A19103F-16F7-4668-BE54-9A1E7A4F7556}") = "CopyServer", "CopyServer\CopyServer.csproj", "{DBE70412-65A5-4602-A42C-480A8E0CB13D}"
EndProject
Project("{9A19103F-16F7-4668-BE54-9A1E7A4F7556}") = "CopyClient", "CopyClient\CopyClient.csproj", "{4840A1F1-0F9A-4B1B-951D-5FB3CF0186C6}"
EndProject
Project("{2150E333-8FDC-42A3-9474-1A3956D46DE8}") = "Solution Items", "Solution Items", "{6AF74791-840C-40B1-8C3A-72CD8B100554}"
	ProjectSection(SolutionItems) = preProject
		README.md = README.md
	EndProjectSection
EndProject
Global
	GlobalSection(SolutionConfigurationPlatforms) = preSolution
		Debug|Any CPU = Debug|Any CPU
		Release|Any CPU = Release|Any CPU
	EndGlobalSection
	GlobalSection(ProjectConfigurationPlatforms) = postSolution
		{CD24884E-A343-46A1-A66E-CFAE7301DA15}.Debug|Any CPU.ActiveCfg = Debug|Any CPU
		{CD24884E-A343-46A1-A66E-CFAE7301DA15}.Debug|Any CPU.Build.0 = Debug|Any CPU
		{CD24884E-A343-46A1-A66E-CFAE7301DA15}.Release|Any CPU.ActiveCfg = Release|Any CPU
		{CD24884E-A343-46A1-A66E-CFAE7301DA15}.Release|Any CPU.Build.0 = Release|Any CPU
		{DBE70412-65A5-4602-A42C-480A8E0CB13D}.Debug|Any CPU.ActiveCfg = Debug|Any CPU
		{DBE70412-65A5-4602-A42C-480A8E0CB13D}.Debug|Any CPU.Build.0 = Debug|Any CPU
		{DBE70412-65A5-4602-A42C-480A8E0CB13D}.Release|Any CPU.ActiveCfg = Release|Any CPU
		{DBE70412-65A5-4602-A42C-480A8E0CB13D}.Release|Any CPU.Build.0 = Release|Any CPU
		{4840A1F1-0F9A-4B1B-951D-5FB3CF0186C6}.Debug|Any CPU.ActiveCfg = Debug|Any CPU
		{4840A1F1-0F9A-4B1B-951D-5FB3CF0186C6}.Debug|Any CPU.Build.0 = Debug|Any CPU
		{4840A1F1-0F9A-4B1B-951D-5FB3CF0186C6}.Release|Any CPU.ActiveCfg = Release|Any CPU
		{4840A1F1-0F9A-4B1B-951D-5FB3CF0186C6}.Release|Any CPU.Build.0 = Release|Any CPU
	EndGlobalSection
	GlobalSection(SolutionProperties) = preSolution
		HideSolutionNode = FALSE
	EndGlobalSection
	GlobalSection(ExtensibilityGlobals) = postSolution
		SolutionGuid = {63367FCB-E56D-41B5-A378-696FC8479D35}
	EndGlobalSection
EndGlobal
