
Microsoft Visual Studio Solution File, Format Version 12.00
# Visual Studio Version 16
VisualStudioVersion = 16.0.29215.179
MinimumVisualStudioVersion = 10.0.40219.1
Project("{FAE04EC0-301F-11D3-BF4B-00C04F79EFBC}") = "BuildXL.Tools.CredentialProvider", "BuildXL.Tools.CredentialProvider.csproj", "{BD6ED271-F2F2-4414-8A22-A76BA9FF7BEA}"
EndProject
Global
	GlobalSection(SolutionConfigurationPlatforms) = preSolution
		Debug|Any CPU = Debug|Any CPU
		Release|Any CPU = Release|Any CPU
	EndGlobalSection
	GlobalSection(ProjectConfigurationPlatforms) = postSolution
		{BD6ED271-F2F2-4414-8A22-A76BA9FF7BEA}.Debug|Any CPU.ActiveCfg = Debug|Any CPU
		{BD6ED271-F2F2-4414-8A22-A76BA9FF7BEA}.Debug|Any CPU.Build.0 = Debug|Any CPU
		{BD6ED271-F2F2-4414-8A22-A76BA9FF7BEA}.Release|Any CPU.ActiveCfg = Release|Any CPU
		{BD6ED271-F2F2-4414-8A22-A76BA9FF7BEA}.Release|Any CPU.Build.0 = Release|Any CPU
	EndGlobalSection
	GlobalSection(SolutionProperties) = preSolution
		HideSolutionNode = FALSE
	EndGlobalSection
	GlobalSection(ExtensibilityGlobals) = postSolution
		SolutionGuid = {FC5C4DF1-C371-4955-8166-002F766AC908}
	EndGlobalSection
EndGlobal
