// !$*UTF8*$!
{
	archiveVersion = 1;
	classes = {
	};
	objectVersion = 48;
	objects = {

/* Begin PBXBuildFile section */
		3C1D7C8C20C0262B0069CF65 /* cpu.h in Headers */ = {isa = PBXBuildFile; fileRef = 3C1D7C8A20C0262B0069CF65 /* cpu.h */; };
		3C1D7C8D20C0262B0069CF65 /* cpu.c in Sources */ = {isa = PBXBuildFile; fileRef = 3C1D7C8B20C0262B0069CF65 /* cpu.c */; };
		3C1D7C9020C036850069CF65 /* memory.h in Headers */ = {isa = PBXBuildFile; fileRef = 3C1D7C8E20C036850069CF65 /* memory.h */; };
		3C1D7C9120C036850069CF65 /* memory.c in Sources */ = {isa = PBXBuildFile; fileRef = 3C1D7C8F20C036850069CF65 /* memory.c */; };
		3C1D7C9320C03E830069CF65 /* Dependencies.h in Headers */ = {isa = PBXBuildFile; fileRef = 3C1D7C9220C03E830069CF65 /* Dependencies.h */; };
		3C1FD6D420D3F766007A0C1A /* process.h in Headers */ = {isa = PBXBuildFile; fileRef = 3C1FD6D220D3F766007A0C1A /* process.h */; };
		3C1FD6D520D3F766007A0C1A /* process.c in Sources */ = {isa = PBXBuildFile; fileRef = 3C1FD6D320D3F766007A0C1A /* process.c */; };
		3C80E70821347B9700ECBD6E /* io.h in Headers */ = {isa = PBXBuildFile; fileRef = 3C80E70621347B9700ECBD6E /* io.h */; };
		3C80E70921347B9700ECBD6E /* io.c in Sources */ = {isa = PBXBuildFile; fileRef = 3C80E70721347B9700ECBD6E /* io.c */; };
/* End PBXBuildFile section */

/* Begin PBXFileReference section */
		3C1D7C8220C025F10069CF65 /* libBuildXLInterop.dylib */ = {isa = PBXFileReference; explicitFileType = "compiled.mach-o.dylib"; includeInIndex = 0; path = libBuildXLInterop.dylib; sourceTree = BUILT_PRODUCTS_DIR; };
		3C1D7C8A20C0262B0069CF65 /* cpu.h */ = {isa = PBXFileReference; lastKnownFileType = sourcecode.c.h; path = cpu.h; sourceTree = "<group>"; };
		3C1D7C8B20C0262B0069CF65 /* cpu.c */ = {isa = PBXFileReference; lastKnownFileType = sourcecode.c.c; path = cpu.c; sourceTree = "<group>"; };
		3C1D7C8E20C036850069CF65 /* memory.h */ = {isa = PBXFileReference; lastKnownFileType = sourcecode.c.h; path = memory.h; sourceTree = "<group>"; };
		3C1D7C8F20C036850069CF65 /* memory.c */ = {isa = PBXFileReference; lastKnownFileType = sourcecode.c.c; path = memory.c; sourceTree = "<group>"; };
		3C1D7C9220C03E830069CF65 /* Dependencies.h */ = {isa = PBXFileReference; lastKnownFileType = sourcecode.c.h; path = Dependencies.h; sourceTree = "<group>"; };
		3C1FD6D220D3F766007A0C1A /* process.h */ = {isa = PBXFileReference; lastKnownFileType = sourcecode.c.h; path = process.h; sourceTree = "<group>"; };
		3C1FD6D320D3F766007A0C1A /* process.c */ = {isa = PBXFileReference; lastKnownFileType = sourcecode.c.c; path = process.c; sourceTree = "<group>"; };
		3C80E70621347B9700ECBD6E /* io.h */ = {isa = PBXFileReference; lastKnownFileType = sourcecode.c.h; path = io.h; sourceTree = "<group>"; };
		3C80E70721347B9700ECBD6E /* io.c */ = {isa = PBXFileReference; lastKnownFileType = sourcecode.c.c; path = io.c; sourceTree = "<group>"; };
		F598838E22527E8700A7A2D9 /* BundleInfoDebug.xcconfig */ = {isa = PBXFileReference; lastKnownFileType = text.xcconfig; name = BundleInfoDebug.xcconfig; path = ../BundleInfoDebug.xcconfig; sourceTree = "<group>"; };
		F598838F22527E8700A7A2D9 /* BundleInfo.xcconfig */ = {isa = PBXFileReference; lastKnownFileType = text.xcconfig; name = BundleInfo.xcconfig; path = ../BundleInfo.xcconfig; sourceTree = "<group>"; };
/* End PBXFileReference section */

/* Begin PBXFrameworksBuildPhase section */
		3C1D7C7F20C025F10069CF65 /* Frameworks */ = {
			isa = PBXFrameworksBuildPhase;
			buildActionMask = 2147483647;
			files = (
			);
			runOnlyForDeploymentPostprocessing = 0;
		};
/* End PBXFrameworksBuildPhase section */

/* Begin PBXGroup section */
		3C1D7C7920C025F10069CF65 = {
			isa = PBXGroup;
			children = (
				3C1D7C8920C026110069CF65 /* Posix */,
				3C1D7C8320C025F10069CF65 /* Products */,
				F598838F22527E8700A7A2D9 /* BundleInfo.xcconfig */,
				F598838E22527E8700A7A2D9 /* BundleInfoDebug.xcconfig */,
			);
			sourceTree = "<group>";
		};
		3C1D7C8320C025F10069CF65 /* Products */ = {
			isa = PBXGroup;
			children = (
				3C1D7C8220C025F10069CF65 /* libBuildXLInterop.dylib */,
			);
			name = Products;
			sourceTree = "<group>";
		};
		3C1D7C8920C026110069CF65 /* Posix */ = {
			isa = PBXGroup;
			children = (
				3C1D7C8B20C0262B0069CF65 /* cpu.c */,
				3C1D7C8A20C0262B0069CF65 /* cpu.h */,
				3C1D7C9220C03E830069CF65 /* Dependencies.h */,
				3C80E70721347B9700ECBD6E /* io.c */,
				3C80E70621347B9700ECBD6E /* io.h */,
				3C1D7C8F20C036850069CF65 /* memory.c */,
				3C1D7C8E20C036850069CF65 /* memory.h */,
				3C1FD6D320D3F766007A0C1A /* process.c */,
				3C1FD6D220D3F766007A0C1A /* process.h */,
			);
			path = Posix;
			sourceTree = "<group>";
		};
/* End PBXGroup section */

/* Begin PBXHeadersBuildPhase section */
		3C1D7C8020C025F10069CF65 /* Headers */ = {
			isa = PBXHeadersBuildPhase;
			buildActionMask = 2147483647;
			files = (
				3C80E70821347B9700ECBD6E /* io.h in Headers */,
				3C1D7C8C20C0262B0069CF65 /* cpu.h in Headers */,
				3C1FD6D420D3F766007A0C1A /* process.h in Headers */,
				3C1D7C9320C03E830069CF65 /* Dependencies.h in Headers */,
				3C1D7C9020C036850069CF65 /* memory.h in Headers */,
			);
			runOnlyForDeploymentPostprocessing = 0;
		};
/* End PBXHeadersBuildPhase section */

/* Begin PBXNativeTarget section */
		3C1D7C8120C025F10069CF65 /* Interop */ = {
			isa = PBXNativeTarget;
			buildConfigurationList = 3C1D7C8620C025F10069CF65 /* Build configuration list for PBXNativeTarget "Interop" */;
			buildPhases = (
				3C1D7C7E20C025F10069CF65 /* Sources */,
				3C1D7C7F20C025F10069CF65 /* Frameworks */,
				3C1D7C8020C025F10069CF65 /* Headers */,
			);
			buildRules = (
			);
			dependencies = (
			);
			name = Interop;
			productName = Interop;
			productReference = 3C1D7C8220C025F10069CF65 /* libBuildXLInterop.dylib */;
			productType = "com.apple.product-type.library.dynamic";
		};
/* End PBXNativeTarget section */

/* Begin PBXProject section */
		3C1D7C7A20C025F10069CF65 /* Project object */ = {
			isa = PBXProject;
			attributes = {
				LastUpgradeCheck = 1310;
				ORGANIZATIONNAME = Microsoft;
				TargetAttributes = {
					3C1D7C8120C025F10069CF65 = {
						CreatedOnToolsVersion = 9.4;
						ProvisioningStyle = Automatic;
					};
				};
			};
			buildConfigurationList = 3C1D7C7D20C025F10069CF65 /* Build configuration list for PBXProject "Interop" */;
			compatibilityVersion = "Xcode 8.0";
			developmentRegion = en;
			hasScannedForEncodings = 0;
			knownRegions = (
				en,
				Base,
			);
			mainGroup = 3C1D7C7920C025F10069CF65;
			productRefGroup = 3C1D7C8320C025F10069CF65 /* Products */;
			projectDirPath = "";
			projectRoot = "";
			targets = (
				3C1D7C8120C025F10069CF65 /* Interop */,
			);
		};
/* End PBXProject section */

/* Begin PBXSourcesBuildPhase section */
		3C1D7C7E20C025F10069CF65 /* Sources */ = {
			isa = PBXSourcesBuildPhase;
			buildActionMask = 2147483647;
			files = (
				3C1D7C9120C036850069CF65 /* memory.c in Sources */,
				3C1D7C8D20C0262B0069CF65 /* cpu.c in Sources */,
				3C80E70921347B9700ECBD6E /* io.c in Sources */,
				3C1FD6D520D3F766007A0C1A /* process.c in Sources */,
			);
			runOnlyForDeploymentPostprocessing = 0;
		};
/* End PBXSourcesBuildPhase section */

/* Begin XCBuildConfiguration section */
		3C1D7C8420C025F10069CF65 /* debug */ = {
			isa = XCBuildConfiguration;
			baseConfigurationReference = F598838E22527E8700A7A2D9 /* BundleInfoDebug.xcconfig */;
			buildSettings = {
				ALWAYS_SEARCH_USER_PATHS = NO;
				CLANG_ANALYZER_NONNULL = YES;
				CLANG_ANALYZER_NUMBER_OBJECT_CONVERSION = YES_AGGRESSIVE;
				CLANG_CXX_LANGUAGE_STANDARD = "gnu++14";
				CLANG_CXX_LIBRARY = "libc++";
				CLANG_ENABLE_MODULES = YES;
				CLANG_ENABLE_OBJC_ARC = YES;
				CLANG_ENABLE_OBJC_WEAK = YES;
				CLANG_WARN_BLOCK_CAPTURE_AUTORELEASING = YES;
				CLANG_WARN_BOOL_CONVERSION = YES;
				CLANG_WARN_COMMA = YES;
				CLANG_WARN_CONSTANT_CONVERSION = YES;
				CLANG_WARN_DEPRECATED_OBJC_IMPLEMENTATIONS = YES;
				CLANG_WARN_DIRECT_OBJC_ISA_USAGE = YES_ERROR;
				CLANG_WARN_DOCUMENTATION_COMMENTS = YES;
				CLANG_WARN_EMPTY_BODY = YES;
				CLANG_WARN_ENUM_CONVERSION = YES;
				CLANG_WARN_INFINITE_RECURSION = YES;
				CLANG_WARN_INT_CONVERSION = YES;
				CLANG_WARN_NON_LITERAL_NULL_CONVERSION = YES;
				CLANG_WARN_OBJC_IMPLICIT_RETAIN_SELF = YES;
				CLANG_WARN_OBJC_LITERAL_CONVERSION = YES;
				CLANG_WARN_OBJC_ROOT_CLASS = YES_ERROR;
				CLANG_WARN_QUOTED_INCLUDE_IN_FRAMEWORK_HEADER = YES;
				CLANG_WARN_RANGE_LOOP_ANALYSIS = YES;
				CLANG_WARN_STRICT_PROTOTYPES = YES;
				CLANG_WARN_SUSPICIOUS_MOVE = YES;
				CLANG_WARN_UNGUARDED_AVAILABILITY = YES_AGGRESSIVE;
				CLANG_WARN_UNREACHABLE_CODE = YES;
				CLANG_WARN__DUPLICATE_METHOD_MATCH = YES;
				CODE_SIGN_IDENTITY = "-";
				COPY_PHASE_STRIP = NO;
				DEBUG_INFORMATION_FORMAT = dwarf;
				ENABLE_STRICT_OBJC_MSGSEND = YES;
				ENABLE_TESTABILITY = YES;
				GCC_C_LANGUAGE_STANDARD = gnu11;
				GCC_DYNAMIC_NO_PIC = NO;
				GCC_NO_COMMON_BLOCKS = YES;
				GCC_OPTIMIZATION_LEVEL = 0;
				GCC_PREPROCESSOR_DEFINITIONS = (
					"DEBUG=1",
					"_DEBUG=1",
					"BUILDXL_BUNDLE_IDENTIFIER=$(BUILDXL_BUNDLE_IDENTIFIER)",
					"BUILDXL_CLASS_PREFIX=$(BUILDXL_CLASS_PREFIX)",
				);
				GCC_WARN_64_TO_32_BIT_CONVERSION = YES;
				GCC_WARN_ABOUT_RETURN_TYPE = YES_ERROR;
				GCC_WARN_UNDECLARED_SELECTOR = YES;
				GCC_WARN_UNINITIALIZED_AUTOS = YES_AGGRESSIVE;
				GCC_WARN_UNUSED_FUNCTION = YES;
				GCC_WARN_UNUSED_VARIABLE = YES;
				MACOSX_DEPLOYMENT_TARGET = 10.13;
				MTL_ENABLE_DEBUG_INFO = YES;
				ONLY_ACTIVE_ARCH = YES;
				SDKROOT = macosx;
			};
			name = debug;
		};
		3C1D7C8520C025F10069CF65 /* release */ = {
			isa = XCBuildConfiguration;
			baseConfigurationReference = F598838F22527E8700A7A2D9 /* BundleInfo.xcconfig */;
			buildSettings = {
				ALWAYS_SEARCH_USER_PATHS = NO;
				CLANG_ANALYZER_NONNULL = YES;
				CLANG_ANALYZER_NUMBER_OBJECT_CONVERSION = YES_AGGRESSIVE;
				CLANG_CXX_LANGUAGE_STANDARD = "gnu++14";
				CLANG_CXX_LIBRARY = "libc++";
				CLANG_ENABLE_MODULES = YES;
				CLANG_ENABLE_OBJC_ARC = YES;
				CLANG_ENABLE_OBJC_WEAK = YES;
				CLANG_WARN_BLOCK_CAPTURE_AUTORELEASING = YES;
				CLANG_WARN_BOOL_CONVERSION = YES;
				CLANG_WARN_COMMA = YES;
				CLANG_WARN_CONSTANT_CONVERSION = YES;
				CLANG_WARN_DEPRECATED_OBJC_IMPLEMENTATIONS = YES;
				CLANG_WARN_DIRECT_OBJC_ISA_USAGE = YES_ERROR;
				CLANG_WARN_DOCUMENTATION_COMMENTS = YES;
				CLANG_WARN_EMPTY_BODY = YES;
				CLANG_WARN_ENUM_CONVERSION = YES;
				CLANG_WARN_INFINITE_RECURSION = YES;
				CLANG_WARN_INT_CONVERSION = YES;
				CLANG_WARN_NON_LITERAL_NULL_CONVERSION = YES;
				CLANG_WARN_OBJC_IMPLICIT_RETAIN_SELF = YES;
				CLANG_WARN_OBJC_LITERAL_CONVERSION = YES;
				CLANG_WARN_OBJC_ROOT_CLASS = YES_ERROR;
				CLANG_WARN_QUOTED_INCLUDE_IN_FRAMEWORK_HEADER = YES;
				CLANG_WARN_RANGE_LOOP_ANALYSIS = YES;
				CLANG_WARN_STRICT_PROTOTYPES = YES;
				CLANG_WARN_SUSPICIOUS_MOVE = YES;
				CLANG_WARN_UNGUARDED_AVAILABILITY = YES_AGGRESSIVE;
				CLANG_WARN_UNREACHABLE_CODE = YES;
				CLANG_WARN__DUPLICATE_METHOD_MATCH = YES;
				CODE_SIGN_IDENTITY = "-";
				COPY_PHASE_STRIP = NO;
				DEBUG_INFORMATION_FORMAT = "dwarf-with-dsym";
				ENABLE_NS_ASSERTIONS = NO;
				ENABLE_STRICT_OBJC_MSGSEND = YES;
				GCC_C_LANGUAGE_STANDARD = gnu11;
				GCC_NO_COMMON_BLOCKS = YES;
				GCC_PREPROCESSOR_DEFINITIONS = (
					"RELEASE=1",
					"NDEBUG=1",
					"BUILDXL_BUNDLE_IDENTIFIER=$(BUILDXL_BUNDLE_IDENTIFIER)",
					"BUILDXL_CLASS_PREFIX=$(BUILDXL_CLASS_PREFIX)",
				);
				GCC_WARN_64_TO_32_BIT_CONVERSION = YES;
				GCC_WARN_ABOUT_RETURN_TYPE = YES_ERROR;
				GCC_WARN_UNDECLARED_SELECTOR = YES;
				GCC_WARN_UNINITIALIZED_AUTOS = YES_AGGRESSIVE;
				GCC_WARN_UNUSED_FUNCTION = YES;
				GCC_WARN_UNUSED_VARIABLE = YES;
				MACOSX_DEPLOYMENT_TARGET = 10.13;
				MTL_ENABLE_DEBUG_INFO = NO;
				SDKROOT = macosx;
			};
			name = release;
		};
		3C1D7C8720C025F10069CF65 /* debug */ = {
			isa = XCBuildConfiguration;
			buildSettings = {
				CLANG_WARN_UNGUARDED_AVAILABILITY = NO;
				CODE_SIGN_STYLE = Automatic;
				DYLIB_COMPATIBILITY_VERSION = 1;
				DYLIB_CURRENT_VERSION = 1;
				DYLIB_INSTALL_NAME_BASE = "@executable_path";
				EXECUTABLE_PREFIX = lib;
				GCC_PREPROCESSOR_DEFINITIONS = (
					"DEBUG=1",
					"_DEBUG=1",
					"BUILDXL_BUNDLE_IDENTIFIER=$(BUILDXL_BUNDLE_IDENTIFIER)",
					"BUILDXL_CLASS_PREFIX=$(BUILDXL_CLASS_PREFIX)",
					"MAC_OS_LIBRARY=1",
				);
				HEADER_SEARCH_PATHS = "";
				INSTALL_PATH = "";
				ONLY_ACTIVE_ARCH = YES;
				PRODUCT_NAME = BuildXLInterop;
				SKIP_INSTALL = YES;
				USER_HEADER_SEARCH_PATHS = "$(SRCROOT)/../../Windows/DetoursServices";
			};
			name = debug;
		};
		3C1D7C8820C025F10069CF65 /* release */ = {
			isa = XCBuildConfiguration;
			buildSettings = {
				CLANG_WARN_UNGUARDED_AVAILABILITY = NO;
				CODE_SIGN_STYLE = Automatic;
				DYLIB_COMPATIBILITY_VERSION = 1;
				DYLIB_CURRENT_VERSION = 1;
				DYLIB_INSTALL_NAME_BASE = "@executable_path";
				EXECUTABLE_PREFIX = lib;
				GCC_PREPROCESSOR_DEFINITIONS = (
					"RELEASE=1",
					"NDEBUG=1",
					"BUILDXL_BUNDLE_IDENTIFIER=$(BUILDXL_BUNDLE_IDENTIFIER)",
					"BUILDXL_CLASS_PREFIX=$(BUILDXL_CLASS_PREFIX)",
					"MAC_OS_LIBRARY=1",
				);
				HEADER_SEARCH_PATHS = "";
				INSTALL_PATH = "";
				ONLY_ACTIVE_ARCH = YES;
				PRODUCT_NAME = BuildXLInterop;
				SKIP_INSTALL = YES;
				USER_HEADER_SEARCH_PATHS = "$(SRCROOT)/../../Windows/DetoursServices";
			};
			name = release;
		};
/* End XCBuildConfiguration section */

/* Begin XCConfigurationList section */
		3C1D7C7D20C025F10069CF65 /* Build configuration list for PBXProject "Interop" */ = {
			isa = XCConfigurationList;
			buildConfigurations = (
				3C1D7C8420C025F10069CF65 /* debug */,
				3C1D7C8520C025F10069CF65 /* release */,
			);
			defaultConfigurationIsVisible = 0;
			defaultConfigurationName = release;
		};
		3C1D7C8620C025F10069CF65 /* Build configuration list for PBXNativeTarget "Interop" */ = {
			isa = XCConfigurationList;
			buildConfigurations = (
				3C1D7C8720C025F10069CF65 /* debug */,
				3C1D7C8820C025F10069CF65 /* release */,
			);
			defaultConfigurationIsVisible = 0;
			defaultConfigurationName = release;
		};
/* End XCConfigurationList section */
	};
	rootObject = 3C1D7C7A20C025F10069CF65 /* Project object */;
}
