<?xml version="1.0" encoding="utf-8"?>
<Project ToolsVersion="4.0" xmlns="http://schemas.microsoft.com/developer/msbuild/2003">
  <ItemGroup>
    <Filter Include="Source Files">
      <UniqueIdentifier>{4FC737F1-C7A5-4376-A066-2A32D752A2FA}</UniqueIdentifier>
      <Extensions>cpp;c;cc;cxx;def;odl;idl;hpj;bat;asm;asmx</Extensions>
    </Filter>
    <Filter Include="Header Files">
      <UniqueIdentifier>{93995380-89BD-4b04-88EB-625FBE52EBFA}</UniqueIdentifier>
      <Extensions>h;hh;hpp;hxx;hm;inl;inc;xsd</Extensions>
    </Filter>
    <Filter Include="Resource Files">
      <UniqueIdentifier>{67DA6AB6-F800-4c08-8B7A-83BB121AAD0A}</UniqueIdentifier>
      <Extensions>rc;ico;cur;bmp;dlg;rc2;rct;bin;rgs;gif;jpg;jpeg;jpe;resx;tiff;tif;png;wav;mfcribbon-ms</Extensions>
    </Filter>
  </ItemGroup>
  <ItemGroup>
    <ClInclude Include="DataTypes.h">
      <Filter>Header Files</Filter>
    </ClInclude>
    <ClInclude Include="DebuggingHelpers.h">
      <Filter>Header Files</Filter>
    </ClInclude>
    <ClInclude Include="DetouredFunctions.h">
      <Filter>Header Files</Filter>
    </ClInclude>
    <ClInclude Include="DetouredFunctionTypes.h">
      <Filter>Header Files</Filter>
    </ClInclude>
    <ClInclude Include="DetoursHelpers.h">
      <Filter>Header Files</Filter>
    </ClInclude>
    <ClInclude Include="DetoursServices.h">
      <Filter>Header Files</Filter>
    </ClInclude>
    <ClInclude Include="FileAccessHelpers.h">
      <Filter>Header Files</Filter>
    </ClInclude>
    <ClInclude Include="globals.h">
      <Filter>Header Files</Filter>
    </ClInclude>
    <ClInclude Include="SendReport.h">
      <Filter>Header Files</Filter>
    </ClInclude>
    <ClInclude Include="StringOperations.h">
      <Filter>Header Files</Filter>
    </ClInclude>
    <ClInclude Include="UnicodeConverter.h">
      <Filter>Header Files</Filter>
    </ClInclude>
    <ClInclude Include="stdafx.h">
      <Filter>Header Files</Filter>
    </ClInclude>
    <ClInclude Include="targetver.h">
      <Filter>Header Files</Filter>
    </ClInclude>
    <ClInclude Include="MetadataOverrides.h">
      <Filter>Header Files</Filter>
    </ClInclude>
    <ClInclude Include="HandleOverlay.h">
      <Filter>Header Files</Filter>
    </ClInclude>
    <ClInclude Include="PolicySearch.h">
      <Filter>Header Files</Filter>
    </ClInclude>
    <ClInclude Include="DeviceMap.h">
      <Filter>Header Files</Filter>
    </ClInclude>
    <ClInclude Include="DetouredProcessInjector.h">
      <Filter>Header Files</Filter>
    </ClInclude>
    <ClInclude Include="UniqueHandle.h">
      <Filter>Header Files</Filter>
    </ClInclude>
    <ClInclude Include="Assertions.h">
      <Filter>Header Files</Filter>
    </ClInclude>
    <ClInclude Include="DetouredScope.h">
      <Filter>Header Files</Filter>
    </ClInclude>
    <ClInclude Include="CanonicalizedPath.h">
      <Filter>Header Files</Filter>
    </ClInclude>
    <ClInclude Include="buildXL_mem.h">
      <Filter>Header Files</Filter>
    </ClInclude>
    <ClInclude Include="PolicyResult.h">
      <Filter>Header Files</Filter>
    </ClInclude>
    <ClInclude Include="stdafx-mac-common.h">
      <Filter>Header Files</Filter>
    </ClInclude>
    <ClInclude Include="stdafx-mac-interop.h">
      <Filter>Header Files</Filter>
    </ClInclude>
    <ClInclude Include="stdafx-mac-kext.h">
      <Filter>Header Files</Filter>
    </ClInclude>
    <ClInclude Include="stdafx-win.h">
      <Filter>Header Files</Filter>
    </ClInclude>
  </ItemGroup>
  <ItemGroup>
    <ClCompile Include="DebuggingHelpers.cpp">
      <Filter>Source Files</Filter>
    </ClCompile>
    <ClCompile Include="DetoursServices.cpp">
      <Filter>Source Files</Filter>
    </ClCompile>
    <ClCompile Include="SendReport.cpp">
      <Filter>Source Files</Filter>
    </ClCompile>
    <ClCompile Include="StringOperations.cpp">
      <Filter>Source Files</Filter>
    </ClCompile>
    <ClCompile Include="stdafx.cpp">
      <Filter>Source Files</Filter>
    </ClCompile>
    <ClCompile Include="MetadataOverrides.cpp">
      <Filter>Source Files</Filter>
    </ClCompile>
    <ClCompile Include="PolicySearch.cpp">
      <Filter>Source Files</Filter>
    </ClCompile>
    <ClCompile Include="DeviceMap.cpp">
      <Filter>Source Files</Filter>
    </ClCompile>
    <ClCompile Include="DetouredProcessInjector.cpp">
      <Filter>Source Files</Filter>
    </ClCompile>
    <ClCompile Include="Assertions.cpp">
      <Filter>Source Files</Filter>
    </ClCompile>
    <ClCompile Include="DetouredScope.cpp">
      <Filter>Source Files</Filter>
    </ClCompile>
  </ItemGroup>
</Project>