
Microsoft Visual Studio Solution File, Format Version 12.00
# Visual Studio Version 17
VisualStudioVersion = 17.11.35303.130
MinimumVisualStudioVersion = 10.0.40219.1
Project("{9A19103F-16F7-4668-BE54-9A1E7A4F7556}") = "BuildToolsInstaller", "src\BuildToolsInstaller.csproj", "{F65BCC8A-CA6D-428D-AA6A-CFB481827112}"
EndProject
Project("{FAE04EC0-301F-11D3-BF4B-00C04F79EFBC}") = "BuildToolsInstaller.Tests", "test\BuildToolsInstaller.Tests.csproj", "{17DAC01E-8BC3-42A9-8148-BCC4E5EC77F0}"
EndProject
Global
	GlobalSection(SolutionConfigurationPlatforms) = preSolution
		Debug|Any CPU = Debug|Any CPU
		Release|Any CPU = Release|Any CPU
	EndGlobalSection
	GlobalSection(ProjectConfigurationPlatforms) = postSolution
		{F65BCC8A-CA6D-428D-AA6A-CFB481827112}.Debug|Any CPU.ActiveCfg = Debug|Any CPU
		{F65BCC8A-CA6D-428D-AA6A-CFB481827112}.Debug|Any CPU.Build.0 = Debug|Any CPU
		{F65BCC8A-CA6D-428D-AA6A-CFB481827112}.Release|Any CPU.ActiveCfg = Release|Any CPU
		{F65BCC8A-CA6D-428D-AA6A-CFB481827112}.Release|Any CPU.Build.0 = Release|Any CPU
		{17DAC01E-8BC3-42A9-8148-BCC4E5EC77F0}.Debug|Any CPU.ActiveCfg = Debug|Any CPU
		{17DAC01E-8BC3-42A9-8148-BCC4E5EC77F0}.Debug|Any CPU.Build.0 = Debug|Any CPU
		{17DAC01E-8BC3-42A9-8148-BCC4E5EC77F0}.Release|Any CPU.ActiveCfg = Release|Any CPU
		{17DAC01E-8BC3-42A9-8148-BCC4E5EC77F0}.Release|Any CPU.Build.0 = Release|Any CPU
	EndGlobalSection
	GlobalSection(SolutionProperties) = preSolution
		HideSolutionNode = FALSE
	EndGlobalSection
	GlobalSection(ExtensibilityGlobals) = postSolution
		SolutionGuid = {D85762AC-D143-4549-9B10-1CD36A7DF278}
	EndGlobalSection
EndGlobal
