# THIS IS AN AUTOGENERATED FILE. DO NOT EDIT THIS FILE DIRECTLY.
# yarn lockfile v1


"@types/node@^20.0.0":
  version "20.19.39"
  resolved "https://cloudbuild.pkgs.visualstudio.com/_packaging/BuildXL.Selfhost/npm/registry/@types/node/-/node-20.19.39.tgz#e98a3b575574070cd34b784bd173767269f95e99"
  integrity sha1-6Yo7V1V0BwzTS3hL0XN2cmn5Xpk=
  dependencies:
    undici-types "~6.21.0"

fsevents@~2.3.2:
  version "2.3.3"
  resolved "https://cloudbuild.pkgs.visualstudio.com/_packaging/BuildXL.Selfhost/npm/registry/fsevents/-/fsevents-2.3.3.tgz#cac6407785d03675a2a5e1a5305c697b347d90d6"
  integrity sha1-ysZAd4XQNnWipeGlMFxpezR9kNY=

glob-hasher-darwin-arm64@1.4.2:
  version "1.4.2"
  resolved "https://cloudbuild.pkgs.visualstudio.com/_packaging/BuildXL.Selfhost/npm/registry/glob-hasher-darwin-arm64/-/glob-hasher-darwin-arm64-1.4.2.tgz#0b5468cd43a57dbcaf46c20d2c6a35065e7d2762"
  integrity sha1-C1RozUOlfbyvRsINLGo1Bl59J2I=

glob-hasher-darwin-x64@1.4.2:
  version "1.4.2"
  resolved "https://cloudbuild.pkgs.visualstudio.com/_packaging/BuildXL.Selfhost/npm/registry/glob-hasher-darwin-x64/-/glob-hasher-darwin-x64-1.4.2.tgz#4dc3a46bd00f6959065f1c104fb4459d2160ae4d"
  integrity sha1-TcOka9APaVkGXxwQT7RFnSFgrk0=

glob-hasher-linux-x64-gnu@1.4.2:
  version "1.4.2"
  resolved "https://cloudbuild.pkgs.visualstudio.com/_packaging/BuildXL.Selfhost/npm/registry/glob-hasher-linux-x64-gnu/-/glob-hasher-linux-x64-gnu-1.4.2.tgz#213a64c61a3e5b3c3a068220ce282818210536d4"
  integrity sha1-ITpkxho+Wzw6BoIgzigoGCEFNtQ=

glob-hasher-win32-arm64-msvc@1.4.2:
  version "1.4.2"
  resolved "https://cloudbuild.pkgs.visualstudio.com/_packaging/BuildXL.Selfhost/npm/registry/glob-hasher-win32-arm64-msvc/-/glob-hasher-win32-arm64-msvc-1.4.2.tgz#fa4335ab7bcec77ac2175e288c4a079b5a18d1ed"
  integrity sha1-+kM1q3vOx3rCF14ojEoHm1oY0e0=

glob-hasher-win32-x64-msvc@1.4.2:
  version "1.4.2"
  resolved "https://cloudbuild.pkgs.visualstudio.com/_packaging/BuildXL.Selfhost/npm/registry/glob-hasher-win32-x64-msvc/-/glob-hasher-win32-x64-msvc-1.4.2.tgz#17b36bcc7bc1d7dd7607665f635baceb59c83486"
  integrity sha1-F7NrzHvB1912B2ZfY1us61nINIY=

glob-hasher@^1.4.2:
  version "1.4.2"
  resolved "https://cloudbuild.pkgs.visualstudio.com/_packaging/BuildXL.Selfhost/npm/registry/glob-hasher/-/glob-hasher-1.4.2.tgz#ea36aae9cbe76c5add37bbb847be5f378448cc66"
  integrity sha1-6jaq6cvnbFrdN7u4R75fN4RIzGY=
  optionalDependencies:
    glob-hasher-darwin-arm64 "1.4.2"
    glob-hasher-darwin-x64 "1.4.2"
    glob-hasher-linux-x64-gnu "1.4.2"
    glob-hasher-win32-arm64-msvc "1.4.2"
    glob-hasher-win32-x64-msvc "1.4.2"

lage@^2.15.4:
  version "2.15.5"
  resolved "https://cloudbuild.pkgs.visualstudio.com/_packaging/BuildXL.Selfhost/npm/registry/lage/-/lage-2.15.5.tgz#38cfbd61bd8a4590695840ccae26d5fde990e56c"
  integrity sha1-OM+9Yb2KRZBpWEDMribV/emQ5Ww=
  dependencies:
    glob-hasher "^1.4.2"
  optionalDependencies:
    fsevents "~2.3.2"

typescript@^5.4.0:
  version "5.9.3"
  resolved "https://cloudbuild.pkgs.visualstudio.com/_packaging/BuildXL.Selfhost/npm/registry/typescript/-/typescript-5.9.3.tgz#5b4f59e15310ab17a216f5d6cf53ee476ede670f"
  integrity sha1-W09Z4VMQqxeiFvXWz1PuR27eZw8=

undici-types@~6.21.0:
  version "6.21.0"
  resolved "https://cloudbuild.pkgs.visualstudio.com/_packaging/BuildXL.Selfhost/npm/registry/undici-types/-/undici-types-6.21.0.tgz#691d00af3909be93a7faa13be61b3a5b50ef12cb"
  integrity sha1-aR0ArzkJvpOn+qE75hs6W1DvEss=
