<?xml version="1.0" encoding="UTF-8"?>
<Scheme
   LastUpgradeVersion = "1200"
   version = "1.3">
   <BuildAction
      parallelizeBuildables = "YES"
      buildImplicitDependencies = "YES">
      <BuildActionEntries>
         <BuildActionEntry
            buildForTesting = "YES"
            buildForRunning = "YES"
            buildForProfiling = "YES"
            buildForArchiving = "YES"
            buildForAnalyzing = "YES">
            <BuildableReference
               BuildableIdentifier = "primary"
               BlueprintIdentifier = "3C44029624336AEB008CACDD"
               BuildableName = "BuildXL.app"
               BlueprintName = "BuildXL"
               ReferencedContainer = "container:BuildXL.xcodeproj">
            </BuildableReference>
         </BuildActionEntry>
      </BuildActionEntries>
   </BuildAction>
   <TestAction
      buildConfiguration = "debug"
      selectedDebuggerIdentifier = "Xcode.DebuggerFoundation.Debugger.LLDB"
      selectedLauncherIdentifier = "Xcode.DebuggerFoundation.Launcher.LLDB"
      shouldUseLaunchSchemeArgsEnv = "YES">
      <Testables>
      </Testables>
   </TestAction>
   <LaunchAction
      buildConfiguration = "debug"
      selectedDebuggerIdentifier = "Xcode.DebuggerFoundation.Debugger.LLDB"
      selectedLauncherIdentifier = "Xcode.DebuggerFoundation.Launcher.LLDB"
      launchStyle = "0"
      useCustomWorkingDirectory = "NO"
      ignoresPersistentStateOnLaunch = "NO"
      debugDocumentVersioning = "NO"
      debugServiceExtension = "internal"
      enableGPUFrameCaptureMode = "3"
      enableGPUValidationMode = "1"
      allowLocationSimulation = "NO"
      viewDebuggingEnabled = "No"
      GPUProfilerEnabled = "No">
      <BuildableProductRunnable
         runnableDebuggingMode = "0">
         <BuildableReference
            BuildableIdentifier = "primary"
            BlueprintIdentifier = "3C44029624336AEB008CACDD"
            BuildableName = "BuildXL.app"
            BlueprintName = "BuildXL"
            ReferencedContainer = "container:BuildXL.xcodeproj">
         </BuildableReference>
      </BuildableProductRunnable>
      <CommandLineArguments>
         <CommandLineArgument
            argument = "--register-systemextension"
            isEnabled = "NO">
         </CommandLineArgument>
         <CommandLineArgument
            argument = "--test-xpcconnection"
            isEnabled = "YES">
         </CommandLineArgument>
         <CommandLineArgument
            argument = "/config:PLACE_PATH_TO_CONFIG_DSC_FOR_TESTING_HERE"
            isEnabled = "NO">
         </CommandLineArgument>
         <CommandLineArgument
            argument = "/disableProcessRetryOnResourceExhaustion+"
            isEnabled = "NO">
         </CommandLineArgument>
         <CommandLineArgument
            argument = "/sandboxKind:MacOSEndpointSecurity"
            isEnabled = "NO">
         </CommandLineArgument>
      </CommandLineArguments>
      <EnvironmentVariables>
         <EnvironmentVariable
            key = ""
            value = ""
            isEnabled = "YES">
         </EnvironmentVariable>
      </EnvironmentVariables>
   </LaunchAction>
   <ProfileAction
      buildConfiguration = "release"
      shouldUseLaunchSchemeArgsEnv = "YES"
      savedToolIdentifier = ""
      useCustomWorkingDirectory = "NO"
      debugDocumentVersioning = "YES">
      <BuildableProductRunnable
         runnableDebuggingMode = "0">
         <BuildableReference
            BuildableIdentifier = "primary"
            BlueprintIdentifier = "3C44029624336AEB008CACDD"
            BuildableName = "BuildXL.app"
            BlueprintName = "BuildXL"
            ReferencedContainer = "container:BuildXL.xcodeproj">
         </BuildableReference>
      </BuildableProductRunnable>
   </ProfileAction>
   <AnalyzeAction
      buildConfiguration = "debug">
   </AnalyzeAction>
   <ArchiveAction
      buildConfiguration = "release"
      revealArchiveInOrganizer = "YES">
   </ArchiveAction>
</Scheme>
